// !$*UTF8*$!
{
	archiveVersion = 1;
	classes = {
	};
	objectVersion = 46;
	objects = {

/* Begin PBXBuildFile section */
		C85A84A114D4AA0800394052 /* Icon.png in Resources */ = {isa = PBXBuildFile; fileRef = C85A84A014D4AA0800394052 /* Icon.png */; };
		C85A84A314D4AA1000394052 /* Icon@2x.png in Resources */ = {isa = PBXBuildFile; fileRef = C85A84A214D4AA1000394052 /* Icon@2x.png */; };
		C85A84A614D4AA1E00394052 /* Icon-Small.png in Resources */ = {isa = PBXBuildFile; fileRef = C85A84A414D4AA1E00394052 /* Icon-Small.png */; };
		C85A84A714D4AA1E00394052 /* Icon-Small@2x.png in Resources */ = {isa = PBXBuildFile; fileRef = C85A84A514D4AA1E00394052 /* Icon-Small@2x.png */; };
		C85A84AC14D4AB4D00394052 /* playmode_Ascending.png in Resources */ = {isa = PBXBuildFile; fileRef = C85A84A914D4AB4D00394052 /* playmode_Ascending.png */; };
		C85A84AD14D4AB4D00394052 /* playmode_Chord.png in Resources */ = {isa = PBXBuildFile; fileRef = C85A84AA14D4AB4D00394052 /* playmode_Chord.png */; };
		C85A84AE14D4AB4D00394052 /* playmode_Descending.png in Resources */ = {isa = PBXBuildFile; fileRef = C85A84AB14D4AB4D00394052 /* playmode_Descending.png */; };
		C85A84B014D4AB7B00394052 /* background.png in Resources */ = {isa = PBXBuildFile; fileRef = C85A84AF14D4AB7A00394052 /* background.png */; };
		FF36DBBC14D49BEF0056D087 /* IntervalTrainerViewController.m in Sources */ = {isa = PBXBuildFile; fileRef = FF36DBBB14D49BEF0056D087 /* IntervalTrainerViewController.m */; };
		FF659B3414D60B5A000E7EC2 /* SettingsViewController.m in Sources */ = {isa = PBXBuildFile; fileRef = FF659B3314D60B5A000E7EC2 /* SettingsViewController.m */; };
		FF659B3C14D62932000E7EC2 /* SoundEngine.m in Sources */ = {isa = PBXBuildFile; fileRef = FF659B3B14D62932000E7EC2 /* SoundEngine.m */; };
		FF659B3E14D62955000E7EC2 /* AudioToolbox.framework in Frameworks */ = {isa = PBXBuildFile; fileRef = FF659B3D14D62955000E7EC2 /* AudioToolbox.framework */; };
		FF8E8C4014D4942F00CC8818 /* UIKit.framework in Frameworks */ = {isa = PBXBuildFile; fileRef = FF8E8C3F14D4942F00CC8818 /* UIKit.framework */; };
		FF8E8C4214D4942F00CC8818 /* Foundation.framework in Frameworks */ = {isa = PBXBuildFile; fileRef = FF8E8C4114D4942F00CC8818 /* Foundation.framework */; };
		FF8E8C4414D4942F00CC8818 /* CoreGraphics.framework in Frameworks */ = {isa = PBXBuildFile; fileRef = FF8E8C4314D4942F00CC8818 /* CoreGraphics.framework */; };
		FF8E8C4A14D4942F00CC8818 /* InfoPlist.strings in Resources */ = {isa = PBXBuildFile; fileRef = FF8E8C4814D4942F00CC8818 /* InfoPlist.strings */; };
		FF8E8C4C14D4942F00CC8818 /* main.m in Sources */ = {isa = PBXBuildFile; fileRef = FF8E8C4B14D4942F00CC8818 /* main.m */; };
		FF8E8C5014D4943000CC8818 /* AppDelegate.m in Sources */ = {isa = PBXBuildFile; fileRef = FF8E8C4F14D4943000CC8818 /* AppDelegate.m */; };
		FF8E8C5314D4943000CC8818 /* MainStoryboard.storyboard in Resources */ = {isa = PBXBuildFile; fileRef = FF8E8C5114D4943000CC8818 /* MainStoryboard.storyboard */; };
/* End PBXBuildFile section */

/* Begin PBXFileReference section */
		C85A84A014D4AA0800394052 /* Icon.png */ = {isa = PBXFileReference; lastKnownFileType = image.png; name = Icon.png; path = ../Icon.png; sourceTree = "<group>"; };
		C85A84A214D4AA1000394052 /* Icon@2x.png */ = {isa = PBXFileReference; lastKnownFileType = image.png; name = "Icon@2x.png"; path = "../Icon@2x.png"; sourceTree = "<group>"; };
		C85A84A414D4AA1E00394052 /* Icon-Small.png */ = {isa = PBXFileReference; lastKnownFileType = image.png; name = "Icon-Small.png"; path = "../Icon-Small.png"; sourceTree = "<group>"; };
		C85A84A514D4AA1E00394052 /* Icon-Small@2x.png */ = {isa = PBXFileReference; lastKnownFileType = image.png; name = "Icon-Small@2x.png"; path = "../Icon-Small@2x.png"; sourceTree = "<group>"; };
		C85A84A914D4AB4D00394052 /* playmode_Ascending.png */ = {isa = PBXFileReference; lastKnownFileType = image.png; path = playmode_Ascending.png; sourceTree = "<group>"; };
		C85A84AA14D4AB4D00394052 /* playmode_Chord.png */ = {isa = PBXFileReference; lastKnownFileType = image.png; path = playmode_Chord.png; sourceTree = "<group>"; };
		C85A84AB14D4AB4D00394052 /* playmode_Descending.png */ = {isa = PBXFileReference; lastKnownFileType = image.png; path = playmode_Descending.png; sourceTree = "<group>"; };
		C85A84AF14D4AB7A00394052 /* background.png */ = {isa = PBXFileReference; lastKnownFileType = image.png; path = background.png; sourceTree = "<group>"; };
		FF36DBBA14D49BEF0056D087 /* IntervalTrainerViewController.h */ = {isa = PBXFileReference; fileEncoding = 4; lastKnownFileType = sourcecode.c.h; path = IntervalTrainerViewController.h; sourceTree = "<group>"; };
		FF36DBBB14D49BEF0056D087 /* IntervalTrainerViewController.m */ = {isa = PBXFileReference; fileEncoding = 4; lastKnownFileType = sourcecode.c.objc; path = IntervalTrainerViewController.m; sourceTree = "<group>"; };
		FF659B3214D60B5A000E7EC2 /* SettingsViewController.h */ = {isa = PBXFileReference; fileEncoding = 4; lastKnownFileType = sourcecode.c.h; name = SettingsViewController.h; path = ../SettingsViewController.h; sourceTree = "<group>"; };
		FF659B3314D60B5A000E7EC2 /* SettingsViewController.m */ = {isa = PBXFileReference; fileEncoding = 4; lastKnownFileType = sourcecode.c.objc; name = SettingsViewController.m; path = ../SettingsViewController.m; sourceTree = "<group>"; };
		FF659B3A14D62932000E7EC2 /* SoundEngine.h */ = {isa = PBXFileReference; fileEncoding = 4; lastKnownFileType = sourcecode.c.h; path = SoundEngine.h; sourceTree = "<group>"; };
		FF659B3B14D62932000E7EC2 /* SoundEngine.m */ = {isa = PBXFileReference; fileEncoding = 4; lastKnownFileType = sourcecode.c.objc; path = SoundEngine.m; sourceTree = "<group>"; };
		FF659B3D14D62955000E7EC2 /* AudioToolbox.framework */ = {isa = PBXFileReference; lastKnownFileType = wrapper.framework; name = AudioToolbox.framework; path = System/Library/Frameworks/AudioToolbox.framework; sourceTree = SDKROOT; };
		FF8E8C3B14D4942F00CC8818 /* EarTrainer.app */ = {isa = PBXFileReference; explicitFileType = wrapper.application; includeInIndex = 0; path = EarTrainer.app; sourceTree = BUILT_PRODUCTS_DIR; };
		FF8E8C3F14D4942F00CC8818 /* UIKit.framework */ = {isa = PBXFileReference; lastKnownFileType = wrapper.framework; name = UIKit.framework; path = System/Library/Frameworks/UIKit.framework; sourceTree = SDKROOT; };
		FF8E8C4114D4942F00CC8818 /* Foundation.framework */ = {isa = PBXFileReference; lastKnownFileType = wrapper.framework; name = Foundation.framework; path = System/Library/Frameworks/Foundation.framework; sourceTree = SDKROOT; };
		FF8E8C4314D4942F00CC8818 /* CoreGraphics.framework */ = {isa = PBXFileReference; lastKnownFileType = wrapper.framework; name = CoreGraphics.framework; path = System/Library/Frameworks/CoreGraphics.framework; sourceTree = SDKROOT; };
		FF8E8C4714D4942F00CC8818 /* EarTrainer-Info.plist */ = {isa = PBXFileReference; lastKnownFileType = text.plist.xml; path = "EarTrainer-Info.plist"; sourceTree = "<group>"; };
		FF8E8C4914D4942F00CC8818 /* en */ = {isa = PBXFileReference; lastKnownFileType = text.plist.strings; name = en; path = en.lproj/InfoPlist.strings; sourceTree = "<group>"; };
		FF8E8C4B14D4942F00CC8818 /* main.m */ = {isa = PBXFileReference; lastKnownFileType = sourcecode.c.objc; path = main.m; sourceTree = "<group>"; };
		FF8E8C4D14D4942F00CC8818 /* EarTrainer-Prefix.pch */ = {isa = PBXFileReference; lastKnownFileType = sourcecode.c.h; path = "EarTrainer-Prefix.pch"; sourceTree = "<group>"; };
		FF8E8C4E14D4943000CC8818 /* AppDelegate.h */ = {isa = PBXFileReference; lastKnownFileType = sourcecode.c.h; path = AppDelegate.h; sourceTree = "<group>"; };
		FF8E8C4F14D4943000CC8818 /* AppDelegate.m */ = {isa = PBXFileReference; lastKnownFileType = sourcecode.c.objc; path = AppDelegate.m; sourceTree = "<group>"; };
		FF8E8C5214D4943000CC8818 /* en */ = {isa = PBXFileReference; lastKnownFileType = file.storyboard; name = en; path = en.lproj/MainStoryboard.storyboard; sourceTree = "<group>"; };
/* End PBXFileReference section */

/* Begin PBXFrameworksBuildPhase section */
		FF8E8C3814D4942F00CC8818 /* Frameworks */ = {
			isa = PBXFrameworksBuildPhase;
			buildActionMask = 2147483647;
			files = (
				FF659B3E14D62955000E7EC2 /* AudioToolbox.framework in Frameworks */,
				FF8E8C4014D4942F00CC8818 /* UIKit.framework in Frameworks */,
				FF8E8C4214D4942F00CC8818 /* Foundation.framework in Frameworks */,
				FF8E8C4414D4942F00CC8818 /* CoreGraphics.framework in Frameworks */,
			);
			runOnlyForDeploymentPostprocessing = 0;
		};
/* End PBXFrameworksBuildPhase section */

/* Begin PBXGroup section */
		C85A84A814D4AA2900394052 /* images */ = {
			isa = PBXGroup;
			children = (
				C85A84AF14D4AB7A00394052 /* background.png */,
				C85A84A014D4AA0800394052 /* Icon.png */,
				C85A84A214D4AA1000394052 /* Icon@2x.png */,
				C85A84A414D4AA1E00394052 /* Icon-Small.png */,
				C85A84A514D4AA1E00394052 /* Icon-Small@2x.png */,
				C85A84A914D4AB4D00394052 /* playmode_Ascending.png */,
				C85A84AA14D4AB4D00394052 /* playmode_Chord.png */,
				C85A84AB14D4AB4D00394052 /* playmode_Descending.png */,
			);
			name = images;
			sourceTree = "<group>";
		};
		FF36DBC214D4A34F0056D087 /* Controller */ = {
			isa = PBXGroup;
			children = (
				FF36DBBA14D49BEF0056D087 /* IntervalTrainerViewController.h */,
				FF36DBBB14D49BEF0056D087 /* IntervalTrainerViewController.m */,
				FF659B3214D60B5A000E7EC2 /* SettingsViewController.h */,
				FF659B3314D60B5A000E7EC2 /* SettingsViewController.m */,
			);
			name = Controller;
			sourceTree = "<group>";
		};
		FF36DBC314D4A3610056D087 /* View */ = {
			isa = PBXGroup;
			children = (
				FF8E8C5114D4943000CC8818 /* MainStoryboard.storyboard */,
			);
			name = View;
			sourceTree = "<group>";
		};
		FF36DBC414D4A36D0056D087 /* Model */ = {
			isa = PBXGroup;
			children = (
				FF659B3A14D62932000E7EC2 /* SoundEngine.h */,
				FF659B3B14D62932000E7EC2 /* SoundEngine.m */,
			);
			name = Model;
			sourceTree = "<group>";
		};
		FF8E8C3014D4942F00CC8818 = {
			isa = PBXGroup;
			children = (
				FF659B3D14D62955000E7EC2 /* AudioToolbox.framework */,
				FF8E8C4514D4942F00CC8818 /* EarTrainer */,
				FF8E8C3E14D4942F00CC8818 /* Frameworks */,
				FF8E8C3C14D4942F00CC8818 /* Products */,
			);
			sourceTree = "<group>";
		};
		FF8E8C3C14D4942F00CC8818 /* Products */ = {
			isa = PBXGroup;
			children = (
				FF8E8C3B14D4942F00CC8818 /* EarTrainer.app */,
			);
			name = Products;
			sourceTree = "<group>";
		};
		FF8E8C3E14D4942F00CC8818 /* Frameworks */ = {
			isa = PBXGroup;
			children = (
				FF8E8C3F14D4942F00CC8818 /* UIKit.framework */,
				FF8E8C4114D4942F00CC8818 /* Foundation.framework */,
				FF8E8C4314D4942F00CC8818 /* CoreGraphics.framework */,
			);
			name = Frameworks;
			sourceTree = "<group>";
		};
		FF8E8C4514D4942F00CC8818 /* EarTrainer */ = {
			isa = PBXGroup;
			children = (
				FF36DBC414D4A36D0056D087 /* Model */,
				FF36DBC314D4A3610056D087 /* View */,
				FF36DBC214D4A34F0056D087 /* Controller */,
				FF8E8C4E14D4943000CC8818 /* AppDelegate.h */,
				FF8E8C4F14D4943000CC8818 /* AppDelegate.m */,
				FF8E8C4614D4942F00CC8818 /* Supporting Files */,
			);
			path = EarTrainer;
			sourceTree = "<group>";
		};
		FF8E8C4614D4942F00CC8818 /* Supporting Files */ = {
			isa = PBXGroup;
			children = (
				C85A84A814D4AA2900394052 /* images */,
				FF8E8C4714D4942F00CC8818 /* EarTrainer-Info.plist */,
				FF8E8C4814D4942F00CC8818 /* InfoPlist.strings */,
				FF8E8C4B14D4942F00CC8818 /* main.m */,
				FF8E8C4D14D4942F00CC8818 /* EarTrainer-Prefix.pch */,
			);
			name = "Supporting Files";
			sourceTree = "<group>";
		};
/* End PBXGroup section */

/* Begin PBXNativeTarget section */
		FF8E8C3A14D4942F00CC8818 /* EarTrainer */ = {
			isa = PBXNativeTarget;
			buildConfigurationList = FF8E8C5914D4943000CC8818 /* Build configuration list for PBXNativeTarget "EarTrainer" */;
			buildPhases = (
				FF8E8C3714D4942F00CC8818 /* Sources */,
				FF8E8C3814D4942F00CC8818 /* Frameworks */,
				FF8E8C3914D4942F00CC8818 /* Resources */,
			);
			buildRules = (
			);
			dependencies = (
			);
			name = EarTrainer;
			productName = EarTrainer;
			productReference = FF8E8C3B14D4942F00CC8818 /* EarTrainer.app */;
			productType = "com.apple.product-type.application";
		};
/* End PBXNativeTarget section */

/* Begin PBXProject section */
		FF8E8C3214D4942F00CC8818 /* Project object */ = {
			isa = PBXProject;
			attributes = {
				LastUpgradeCheck = 0420;
			};
			buildConfigurationList = FF8E8C3514D4942F00CC8818 /* Build configuration list for PBXProject "EarTrainer" */;
			compatibilityVersion = "Xcode 3.2";
			developmentRegion = English;
			hasScannedForEncodings = 0;
			knownRegions = (
				en,
			);
			mainGroup = FF8E8C3014D4942F00CC8818;
			productRefGroup = FF8E8C3C14D4942F00CC8818 /* Products */;
			projectDirPath = "";
			projectRoot = "";
			targets = (
				FF8E8C3A14D4942F00CC8818 /* EarTrainer */,
			);
		};
/* End PBXProject section */

/* Begin PBXResourcesBuildPhase section */
		FF8E8C3914D4942F00CC8818 /* Resources */ = {
			isa = PBXResourcesBuildPhase;
			buildActionMask = 2147483647;
			files = (
				FF8E8C4A14D4942F00CC8818 /* InfoPlist.strings in Resources */,
				FF8E8C5314D4943000CC8818 /* MainStoryboard.storyboard in Resources */,
				C85A84A114D4AA0800394052 /* Icon.png in Resources */,
				C85A84A314D4AA1000394052 /* Icon@2x.png in Resources */,
				C85A84A614D4AA1E00394052 /* Icon-Small.png in Resources */,
				C85A84A714D4AA1E00394052 /* Icon-Small@2x.png in Resources */,
				C85A84AC14D4AB4D00394052 /* playmode_Ascending.png in Resources */,
				C85A84AD14D4AB4D00394052 /* playmode_Chord.png in Resources */,
				C85A84AE14D4AB4D00394052 /* playmode_Descending.png in Resources */,
				C85A84B014D4AB7B00394052 /* background.png in Resources */,
			);
			runOnlyForDeploymentPostprocessing = 0;
		};
/* End PBXResourcesBuildPhase section */

/* Begin PBXSourcesBuildPhase section */
		FF8E8C3714D4942F00CC8818 /* Sources */ = {
			isa = PBXSourcesBuildPhase;
			buildActionMask = 2147483647;
			files = (
				FF8E8C4C14D4942F00CC8818 /* main.m in Sources */,
				FF8E8C5014D4943000CC8818 /* AppDelegate.m in Sources */,
				FF36DBBC14D49BEF0056D087 /* IntervalTrainerViewController.m in Sources */,
				FF659B3414D60B5A000E7EC2 /* SettingsViewController.m in Sources */,
				FF659B3C14D62932000E7EC2 /* SoundEngine.m in Sources */,
			);
			runOnlyForDeploymentPostprocessing = 0;
		};
/* End PBXSourcesBuildPhase section */

/* Begin PBXVariantGroup section */
		FF8E8C4814D4942F00CC8818 /* InfoPlist.strings */ = {
			isa = PBXVariantGroup;
			children = (
				FF8E8C4914D4942F00CC8818 /* en */,
			);
			name = InfoPlist.strings;
			sourceTree = "<group>";
		};
		FF8E8C5114D4943000CC8818 /* MainStoryboard.storyboard */ = {
			isa = PBXVariantGroup;
			children = (
				FF8E8C5214D4943000CC8818 /* en */,
			);
			name = MainStoryboard.storyboard;
			sourceTree = "<group>";
		};
/* End PBXVariantGroup section */

/* Begin XCBuildConfiguration section */
		FF8E8C5714D4943000CC8818 /* Debug */ = {
			isa = XCBuildConfiguration;
			buildSettings = {
				ALWAYS_SEARCH_USER_PATHS = NO;
				ARCHS = "$(ARCHS_STANDARD_32_BIT)";
				CLANG_ENABLE_OBJC_ARC = YES;
				"CODE_SIGN_IDENTITY[sdk=iphoneos*]" = "iPhone Developer";
				COPY_PHASE_STRIP = NO;
				GCC_C_LANGUAGE_STANDARD = gnu99;
				GCC_DYNAMIC_NO_PIC = NO;
				GCC_OPTIMIZATION_LEVEL = 0;
				GCC_PREPROCESSOR_DEFINITIONS = (
					"DEBUG=1",
					"$(inherited)",
				);
				GCC_SYMBOLS_PRIVATE_EXTERN = NO;
				GCC_VERSION = com.apple.compilers.llvm.clang.1_0;
				GCC_WARN_ABOUT_MISSING_PROTOTYPES = YES;
				GCC_WARN_ABOUT_RETURN_TYPE = YES;
				GCC_WARN_UNUSED_VARIABLE = YES;
				IPHONEOS_DEPLOYMENT_TARGET = 5.0;
				SDKROOT = iphoneos;
			};
			name = Debug;
		};
		FF8E8C5814D4943000CC8818 /* Release */ = {
			isa = XCBuildConfiguration;
			buildSettings = {
				ALWAYS_SEARCH_USER_PATHS = NO;
				ARCHS = "$(ARCHS_STANDARD_32_BIT)";
				CLANG_ENABLE_OBJC_ARC = YES;
				"CODE_SIGN_IDENTITY[sdk=iphoneos*]" = "iPhone Developer";
				COPY_PHASE_STRIP = YES;
				GCC_C_LANGUAGE_STANDARD = gnu99;
				GCC_VERSION = com.apple.compilers.llvm.clang.1_0;
				GCC_WARN_ABOUT_MISSING_PROTOTYPES = YES;
				GCC_WARN_ABOUT_RETURN_TYPE = YES;
				GCC_WARN_UNUSED_VARIABLE = YES;
				IPHONEOS_DEPLOYMENT_TARGET = 5.0;
				OTHER_CFLAGS = "-DNS_BLOCK_ASSERTIONS=1";
				SDKROOT = iphoneos;
				VALIDATE_PRODUCT = YES;
			};
			name = Release;
		};
		FF8E8C5A14D4943000CC8818 /* Debug */ = {
			isa = XCBuildConfiguration;
			buildSettings = {
				GCC_PRECOMPILE_PREFIX_HEADER = YES;
				GCC_PREFIX_HEADER = "EarTrainer/EarTrainer-Prefix.pch";
				INFOPLIST_FILE = "EarTrainer/EarTrainer-Info.plist";
				PRODUCT_NAME = "$(TARGET_NAME)";
				WRAPPER_EXTENSION = app;
			};
			name = Debug;
		};
		FF8E8C5B14D4943000CC8818 /* Release */ = {
			isa = XCBuildConfiguration;
			buildSettings = {
				GCC_PRECOMPILE_PREFIX_HEADER = YES;
				GCC_PREFIX_HEADER = "EarTrainer/EarTrainer-Prefix.pch";
				INFOPLIST_FILE = "EarTrainer/EarTrainer-Info.plist";
				PRODUCT_NAME = "$(TARGET_NAME)";
				WRAPPER_EXTENSION = app;
			};
			name = Release;
		};
/* End XCBuildConfiguration section */

/* Begin XCConfigurationList section */
		FF8E8C3514D4942F00CC8818 /* Build configuration list for PBXProject "EarTrainer" */ = {
			isa = XCConfigurationList;
			buildConfigurations = (
				FF8E8C5714D4943000CC8818 /* Debug */,
				FF8E8C5814D4943000CC8818 /* Release */,
			);
			defaultConfigurationIsVisible = 0;
			defaultConfigurationName = Release;
		};
		FF8E8C5914D4943000CC8818 /* Build configuration list for PBXNativeTarget "EarTrainer" */ = {
			isa = XCConfigurationList;
			buildConfigurations = (
				FF8E8C5A14D4943000CC8818 /* Debug */,
				FF8E8C5B14D4943000CC8818 /* Release */,
			);
			defaultConfigurationIsVisible = 0;
			defaultConfigurationName = Release;
		};
/* End XCConfigurationList section */
	};
	rootObject = FF8E8C3214D4942F00CC8818 /* Project object */;
}
