// !$*UTF8*$!
{
	archiveVersion = 1;
	classes = {
	};
	objectVersion = 46;
	objects = {

/* Begin PBXBuildFile section */
		C82DC2E914D63287008CC4C6 /* piano_36.aiff in Resources */ = {isa = PBXBuildFile; fileRef = C82DC2AD14D63287008CC4C6 /* piano_36.aiff */; };
		C82DC2EA14D63287008CC4C6 /* piano_37.aiff in Resources */ = {isa = PBXBuildFile; fileRef = C82DC2AE14D63287008CC4C6 /* piano_37.aiff */; };
		C82DC2EB14D63287008CC4C6 /* piano_38.aiff in Resources */ = {isa = PBXBuildFile; fileRef = C82DC2AF14D63287008CC4C6 /* piano_38.aiff */; };
		C82DC2EC14D63287008CC4C6 /* piano_39.aiff in Resources */ = {isa = PBXBuildFile; fileRef = C82DC2B014D63287008CC4C6 /* piano_39.aiff */; };
		C82DC2ED14D63287008CC4C6 /* piano_40.aiff in Resources */ = {isa = PBXBuildFile; fileRef = C82DC2B114D63287008CC4C6 /* piano_40.aiff */; };
		C82DC2EE14D63287008CC4C6 /* piano_41.aiff in Resources */ = {isa = PBXBuildFile; fileRef = C82DC2B214D63287008CC4C6 /* piano_41.aiff */; };
		C82DC2EF14D63287008CC4C6 /* piano_42.aiff in Resources */ = {isa = PBXBuildFile; fileRef = C82DC2B314D63287008CC4C6 /* piano_42.aiff */; };
		C82DC2F014D63287008CC4C6 /* piano_43.aiff in Resources */ = {isa = PBXBuildFile; fileRef = C82DC2B414D63287008CC4C6 /* piano_43.aiff */; };
		C82DC2F114D63287008CC4C6 /* piano_44.aiff in Resources */ = {isa = PBXBuildFile; fileRef = C82DC2B514D63287008CC4C6 /* piano_44.aiff */; };
		C82DC2F214D63287008CC4C6 /* piano_45.aiff in Resources */ = {isa = PBXBuildFile; fileRef = C82DC2B614D63287008CC4C6 /* piano_45.aiff */; };
		C82DC2F314D63287008CC4C6 /* piano_46.aiff in Resources */ = {isa = PBXBuildFile; fileRef = C82DC2B714D63287008CC4C6 /* piano_46.aiff */; };
		C82DC2F414D63287008CC4C6 /* piano_47.aiff in Resources */ = {isa = PBXBuildFile; fileRef = C82DC2B814D63287008CC4C6 /* piano_47.aiff */; };
		C82DC2F514D63287008CC4C6 /* piano_48.aiff in Resources */ = {isa = PBXBuildFile; fileRef = C82DC2B914D63287008CC4C6 /* piano_48.aiff */; };
		C82DC2F614D63287008CC4C6 /* piano_49.aiff in Resources */ = {isa = PBXBuildFile; fileRef = C82DC2BA14D63287008CC4C6 /* piano_49.aiff */; };
		C82DC2F714D63287008CC4C6 /* piano_50.aiff in Resources */ = {isa = PBXBuildFile; fileRef = C82DC2BB14D63287008CC4C6 /* piano_50.aiff */; };
		C82DC2F814D63287008CC4C6 /* piano_51.aiff in Resources */ = {isa = PBXBuildFile; fileRef = C82DC2BC14D63287008CC4C6 /* piano_51.aiff */; };
		C82DC2F914D63287008CC4C6 /* piano_52.aiff in Resources */ = {isa = PBXBuildFile; fileRef = C82DC2BD14D63287008CC4C6 /* piano_52.aiff */; };
		C82DC2FA14D63287008CC4C6 /* piano_53.aiff in Resources */ = {isa = PBXBuildFile; fileRef = C82DC2BE14D63287008CC4C6 /* piano_53.aiff */; };
		C82DC2FB14D63287008CC4C6 /* piano_54.aiff in Resources */ = {isa = PBXBuildFile; fileRef = C82DC2BF14D63287008CC4C6 /* piano_54.aiff */; };
		C82DC2FC14D63287008CC4C6 /* piano_55.aiff in Resources */ = {isa = PBXBuildFile; fileRef = C82DC2C014D63287008CC4C6 /* piano_55.aiff */; };
		C82DC2FD14D63287008CC4C6 /* piano_56.aiff in Resources */ = {isa = PBXBuildFile; fileRef = C82DC2C114D63287008CC4C6 /* piano_56.aiff */; };
		C82DC2FE14D63287008CC4C6 /* piano_57.aiff in Resources */ = {isa = PBXBuildFile; fileRef = C82DC2C214D63287008CC4C6 /* piano_57.aiff */; };
		C82DC2FF14D63287008CC4C6 /* piano_58.aiff in Resources */ = {isa = PBXBuildFile; fileRef = C82DC2C314D63287008CC4C6 /* piano_58.aiff */; };
		C82DC30014D63287008CC4C6 /* piano_59.aiff in Resources */ = {isa = PBXBuildFile; fileRef = C82DC2C414D63287008CC4C6 /* piano_59.aiff */; };
		C82DC30114D63287008CC4C6 /* piano_60.aiff in Resources */ = {isa = PBXBuildFile; fileRef = C82DC2C514D63287008CC4C6 /* piano_60.aiff */; };
		C82DC30214D63287008CC4C6 /* piano_61.aiff in Resources */ = {isa = PBXBuildFile; fileRef = C82DC2C614D63287008CC4C6 /* piano_61.aiff */; };
		C82DC30314D63287008CC4C6 /* piano_62.aiff in Resources */ = {isa = PBXBuildFile; fileRef = C82DC2C714D63287008CC4C6 /* piano_62.aiff */; };
		C82DC30414D63287008CC4C6 /* piano_63.aiff in Resources */ = {isa = PBXBuildFile; fileRef = C82DC2C814D63287008CC4C6 /* piano_63.aiff */; };
		C82DC30514D63287008CC4C6 /* piano_64.aiff in Resources */ = {isa = PBXBuildFile; fileRef = C82DC2C914D63287008CC4C6 /* piano_64.aiff */; };
		C82DC30614D63287008CC4C6 /* piano_65.aiff in Resources */ = {isa = PBXBuildFile; fileRef = C82DC2CA14D63287008CC4C6 /* piano_65.aiff */; };
		C82DC30714D63287008CC4C6 /* piano_66.aiff in Resources */ = {isa = PBXBuildFile; fileRef = C82DC2CB14D63287008CC4C6 /* piano_66.aiff */; };
		C82DC30814D63287008CC4C6 /* piano_67.aiff in Resources */ = {isa = PBXBuildFile; fileRef = C82DC2CC14D63287008CC4C6 /* piano_67.aiff */; };
		C82DC30914D63287008CC4C6 /* piano_68.aiff in Resources */ = {isa = PBXBuildFile; fileRef = C82DC2CD14D63287008CC4C6 /* piano_68.aiff */; };
		C82DC30A14D63287008CC4C6 /* piano_69.aiff in Resources */ = {isa = PBXBuildFile; fileRef = C82DC2CE14D63287008CC4C6 /* piano_69.aiff */; };
		C82DC30B14D63287008CC4C6 /* piano_70.aiff in Resources */ = {isa = PBXBuildFile; fileRef = C82DC2CF14D63287008CC4C6 /* piano_70.aiff */; };
		C82DC30C14D63287008CC4C6 /* piano_71.aiff in Resources */ = {isa = PBXBuildFile; fileRef = C82DC2D014D63287008CC4C6 /* piano_71.aiff */; };
		C82DC30D14D63287008CC4C6 /* piano_72.aiff in Resources */ = {isa = PBXBuildFile; fileRef = C82DC2D114D63287008CC4C6 /* piano_72.aiff */; };
		C82DC30E14D63287008CC4C6 /* piano_73.aiff in Resources */ = {isa = PBXBuildFile; fileRef = C82DC2D214D63287008CC4C6 /* piano_73.aiff */; };
		C82DC30F14D63287008CC4C6 /* piano_74.aiff in Resources */ = {isa = PBXBuildFile; fileRef = C82DC2D314D63287008CC4C6 /* piano_74.aiff */; };
		C82DC31014D63287008CC4C6 /* piano_75.aiff in Resources */ = {isa = PBXBuildFile; fileRef = C82DC2D414D63287008CC4C6 /* piano_75.aiff */; };
		C82DC31114D63287008CC4C6 /* piano_76.aiff in Resources */ = {isa = PBXBuildFile; fileRef = C82DC2D514D63287008CC4C6 /* piano_76.aiff */; };
		C82DC31214D63287008CC4C6 /* piano_77.aiff in Resources */ = {isa = PBXBuildFile; fileRef = C82DC2D614D63287008CC4C6 /* piano_77.aiff */; };
		C82DC31314D63287008CC4C6 /* piano_78.aiff in Resources */ = {isa = PBXBuildFile; fileRef = C82DC2D714D63287008CC4C6 /* piano_78.aiff */; };
		C82DC31414D63287008CC4C6 /* piano_79.aiff in Resources */ = {isa = PBXBuildFile; fileRef = C82DC2D814D63287008CC4C6 /* piano_79.aiff */; };
		C82DC31514D63287008CC4C6 /* piano_80.aiff in Resources */ = {isa = PBXBuildFile; fileRef = C82DC2D914D63287008CC4C6 /* piano_80.aiff */; };
		C82DC31614D63287008CC4C6 /* piano_81.aiff in Resources */ = {isa = PBXBuildFile; fileRef = C82DC2DA14D63287008CC4C6 /* piano_81.aiff */; };
		C82DC31714D63287008CC4C6 /* piano_82.aiff in Resources */ = {isa = PBXBuildFile; fileRef = C82DC2DB14D63287008CC4C6 /* piano_82.aiff */; };
		C82DC31814D63287008CC4C6 /* piano_83.aiff in Resources */ = {isa = PBXBuildFile; fileRef = C82DC2DC14D63287008CC4C6 /* piano_83.aiff */; };
		C82DC31914D63287008CC4C6 /* piano_84.aiff in Resources */ = {isa = PBXBuildFile; fileRef = C82DC2DD14D63287008CC4C6 /* piano_84.aiff */; };
		C82DC31A14D63287008CC4C6 /* piano_85.aiff in Resources */ = {isa = PBXBuildFile; fileRef = C82DC2DE14D63287008CC4C6 /* piano_85.aiff */; };
		C82DC31B14D63287008CC4C6 /* piano_86.aiff in Resources */ = {isa = PBXBuildFile; fileRef = C82DC2DF14D63287008CC4C6 /* piano_86.aiff */; };
		C82DC31C14D63287008CC4C6 /* piano_87.aiff in Resources */ = {isa = PBXBuildFile; fileRef = C82DC2E014D63287008CC4C6 /* piano_87.aiff */; };
		C82DC31D14D63287008CC4C6 /* piano_88.aiff in Resources */ = {isa = PBXBuildFile; fileRef = C82DC2E114D63287008CC4C6 /* piano_88.aiff */; };
		C82DC31E14D63287008CC4C6 /* piano_89.aiff in Resources */ = {isa = PBXBuildFile; fileRef = C82DC2E214D63287008CC4C6 /* piano_89.aiff */; };
		C82DC31F14D63287008CC4C6 /* piano_90.aiff in Resources */ = {isa = PBXBuildFile; fileRef = C82DC2E314D63287008CC4C6 /* piano_90.aiff */; };
		C82DC32014D63287008CC4C6 /* piano_91.aiff in Resources */ = {isa = PBXBuildFile; fileRef = C82DC2E414D63287008CC4C6 /* piano_91.aiff */; };
		C82DC32114D63287008CC4C6 /* piano_92.aiff in Resources */ = {isa = PBXBuildFile; fileRef = C82DC2E514D63287008CC4C6 /* piano_92.aiff */; };
		C82DC32214D63287008CC4C6 /* piano_93.aiff in Resources */ = {isa = PBXBuildFile; fileRef = C82DC2E614D63287008CC4C6 /* piano_93.aiff */; };
		C82DC32314D63287008CC4C6 /* piano_94.aiff in Resources */ = {isa = PBXBuildFile; fileRef = C82DC2E714D63287008CC4C6 /* piano_94.aiff */; };
		C82DC32414D63287008CC4C6 /* piano_95.aiff in Resources */ = {isa = PBXBuildFile; fileRef = C82DC2E814D63287008CC4C6 /* piano_95.aiff */; };
		C85A84A114D4AA0800394052 /* Icon.png in Resources */ = {isa = PBXBuildFile; fileRef = C85A84A014D4AA0800394052 /* Icon.png */; };
		C85A84A314D4AA1000394052 /* Icon@2x.png in Resources */ = {isa = PBXBuildFile; fileRef = C85A84A214D4AA1000394052 /* Icon@2x.png */; };
		C85A84A614D4AA1E00394052 /* Icon-Small.png in Resources */ = {isa = PBXBuildFile; fileRef = C85A84A414D4AA1E00394052 /* Icon-Small.png */; };
		C85A84A714D4AA1E00394052 /* Icon-Small@2x.png in Resources */ = {isa = PBXBuildFile; fileRef = C85A84A514D4AA1E00394052 /* Icon-Small@2x.png */; };
		C85A84AC14D4AB4D00394052 /* playmode_Ascending.png in Resources */ = {isa = PBXBuildFile; fileRef = C85A84A914D4AB4D00394052 /* playmode_Ascending.png */; };
		C85A84AD14D4AB4D00394052 /* playmode_Chord.png in Resources */ = {isa = PBXBuildFile; fileRef = C85A84AA14D4AB4D00394052 /* playmode_Chord.png */; };
		C85A84AE14D4AB4D00394052 /* playmode_Descending.png in Resources */ = {isa = PBXBuildFile; fileRef = C85A84AB14D4AB4D00394052 /* playmode_Descending.png */; };
		C85A84B014D4AB7B00394052 /* background.png in Resources */ = {isa = PBXBuildFile; fileRef = C85A84AF14D4AB7A00394052 /* background.png */; };
		FF002B8C14DE0C1A00BF9A22 /* Interval.m in Sources */ = {isa = PBXBuildFile; fileRef = FF002B8B14DE0C1A00BF9A22 /* Interval.m */; };
		FF0FE6B214F95B9F0033F768 /* UINavigationItem+JTRevealSidebarV2.m in Sources */ = {isa = PBXBuildFile; fileRef = FF0FE6AF14F95B9F0033F768 /* UINavigationItem+JTRevealSidebarV2.m */; };
		FF0FE6B314F95B9F0033F768 /* UIViewController+JTRevealSidebarV2.m in Sources */ = {isa = PBXBuildFile; fileRef = FF0FE6B114F95B9F0033F768 /* UIViewController+JTRevealSidebarV2.m */; };
		FF0FE6BD14F96F470033F768 /* MainMenuViewController.m in Sources */ = {isa = PBXBuildFile; fileRef = FF0FE6BC14F96F470033F768 /* MainMenuViewController.m */; };
		FF1B4A3014DDB3EF00DBAB5A /* Defaults.m in Sources */ = {isa = PBXBuildFile; fileRef = FF1B4A2F14DDB3EF00DBAB5A /* Defaults.m */; };
		FF36DBBC14D49BEF0056D087 /* IntervalTrainerViewController.m in Sources */ = {isa = PBXBuildFile; fileRef = FF36DBBB14D49BEF0056D087 /* IntervalTrainerViewController.m */; };
		FF47C62B14F0493E0054139E /* TempoSettingsViewController.m in Sources */ = {isa = PBXBuildFile; fileRef = FF47C62A14F0493E0054139E /* TempoSettingsViewController.m */; };
		FF5FFCA314FAC07800B2636D /* Chord.m in Sources */ = {isa = PBXBuildFile; fileRef = FF5FFCA214FAC07800B2636D /* Chord.m */; };
		FF5FFCA714FADA2E00B2636D /* NoteCollection.m in Sources */ = {isa = PBXBuildFile; fileRef = FF5FFCA614FADA2E00B2636D /* NoteCollection.m */; };
		FF659B3414D60B5A000E7EC2 /* SettingsViewController.m in Sources */ = {isa = PBXBuildFile; fileRef = FF659B3314D60B5A000E7EC2 /* SettingsViewController.m */; };
		FF659B3C14D62932000E7EC2 /* SoundEngine.m in Sources */ = {isa = PBXBuildFile; fileRef = FF659B3B14D62932000E7EC2 /* SoundEngine.m */; };
		FF659B3E14D62955000E7EC2 /* AudioToolbox.framework in Frameworks */ = {isa = PBXBuildFile; fileRef = FF659B3D14D62955000E7EC2 /* AudioToolbox.framework */; };
		FF68C26E14F9B745008894CB /* ChordTrainerViewController.m in Sources */ = {isa = PBXBuildFile; fileRef = FF68C26D14F9B745008894CB /* ChordTrainerViewController.m */; };
		FF68C27214F9BD35008894CB /* TrainerModelViewController.m in Sources */ = {isa = PBXBuildFile; fileRef = FF68C27114F9BD35008894CB /* TrainerModelViewController.m */; };
		FF6A4A8614E8410A00CE4145 /* RootOctaveSettingsViewController.m in Sources */ = {isa = PBXBuildFile; fileRef = FF6A4A8514E8410A00CE4145 /* RootOctaveSettingsViewController.m */; };
		FF6A4A8A14E8438B00CE4145 /* HighOctaveSettingsViewController.m in Sources */ = {isa = PBXBuildFile; fileRef = FF6A4A8914E8438B00CE4145 /* HighOctaveSettingsViewController.m */; };
		FF7D7CE614E77C9B006E6362 /* PlaymodeSettingsViewController.m in Sources */ = {isa = PBXBuildFile; fileRef = FF7D7CE514E77C9B006E6362 /* PlaymodeSettingsViewController.m */; };
		FF8E8C4014D4942F00CC8818 /* UIKit.framework in Frameworks */ = {isa = PBXBuildFile; fileRef = FF8E8C3F14D4942F00CC8818 /* UIKit.framework */; };
		FF8E8C4214D4942F00CC8818 /* Foundation.framework in Frameworks */ = {isa = PBXBuildFile; fileRef = FF8E8C4114D4942F00CC8818 /* Foundation.framework */; };
		FF8E8C4414D4942F00CC8818 /* CoreGraphics.framework in Frameworks */ = {isa = PBXBuildFile; fileRef = FF8E8C4314D4942F00CC8818 /* CoreGraphics.framework */; };
		FF8E8C4A14D4942F00CC8818 /* InfoPlist.strings in Resources */ = {isa = PBXBuildFile; fileRef = FF8E8C4814D4942F00CC8818 /* InfoPlist.strings */; };
		FF8E8C4C14D4942F00CC8818 /* main.m in Sources */ = {isa = PBXBuildFile; fileRef = FF8E8C4B14D4942F00CC8818 /* main.m */; };
		FF8E8C5014D4943000CC8818 /* AppDelegate.m in Sources */ = {isa = PBXBuildFile; fileRef = FF8E8C4F14D4943000CC8818 /* AppDelegate.m */; };
		FF8E8C5314D4943000CC8818 /* MainStoryboard.storyboard in Resources */ = {isa = PBXBuildFile; fileRef = FF8E8C5114D4943000CC8818 /* MainStoryboard.storyboard */; };
		FF96790114FD4E99004E9402 /* ButtonMenu.png in Resources */ = {isa = PBXBuildFile; fileRef = FF9678FF14FD4E99004E9402 /* ButtonMenu.png */; };
		FF96790214FD4E99004E9402 /* ButtonMenu@2x.png in Resources */ = {isa = PBXBuildFile; fileRef = FF96790014FD4E99004E9402 /* ButtonMenu@2x.png */; };
		FFB55A481502F3F800614D6D /* AboutViewController.m in Sources */ = {isa = PBXBuildFile; fileRef = FFB55A461502F3F700614D6D /* AboutViewController.m */; };
		FFB55A491502F3F800614D6D /* AboutViewController.xib in Resources */ = {isa = PBXBuildFile; fileRef = FFB55A471502F3F700614D6D /* AboutViewController.xib */; };
		FFBE9A1314DDADA600C755DB /* Note.m in Sources */ = {isa = PBXBuildFile; fileRef = FFBE9A1214DDADA600C755DB /* Note.m */; };
		FFD0C69E1502875C00BB6C9F /* ContainerViewController.m in Sources */ = {isa = PBXBuildFile; fileRef = FFD0C69C1502875C00BB6C9F /* ContainerViewController.m */; };
		FFD0C69F1502875C00BB6C9F /* ContainerViewController.xib in Resources */ = {isa = PBXBuildFile; fileRef = FFD0C69D1502875C00BB6C9F /* ContainerViewController.xib */; };
		FFD0C6A21502878500BB6C9F /* MainMenu.xib in Resources */ = {isa = PBXBuildFile; fileRef = FFD0C6A11502878500BB6C9F /* MainMenu.xib */; };
/* End PBXBuildFile section */

/* Begin PBXFileReference section */
		C82DC2AD14D63287008CC4C6 /* piano_36.aiff */ = {isa = PBXFileReference; lastKnownFileType = audio.aiff; path = piano_36.aiff; sourceTree = "<group>"; };
		C82DC2AE14D63287008CC4C6 /* piano_37.aiff */ = {isa = PBXFileReference; lastKnownFileType = audio.aiff; path = piano_37.aiff; sourceTree = "<group>"; };
		C82DC2AF14D63287008CC4C6 /* piano_38.aiff */ = {isa = PBXFileReference; lastKnownFileType = audio.aiff; path = piano_38.aiff; sourceTree = "<group>"; };
		C82DC2B014D63287008CC4C6 /* piano_39.aiff */ = {isa = PBXFileReference; lastKnownFileType = audio.aiff; path = piano_39.aiff; sourceTree = "<group>"; };
		C82DC2B114D63287008CC4C6 /* piano_40.aiff */ = {isa = PBXFileReference; lastKnownFileType = audio.aiff; path = piano_40.aiff; sourceTree = "<group>"; };
		C82DC2B214D63287008CC4C6 /* piano_41.aiff */ = {isa = PBXFileReference; lastKnownFileType = audio.aiff; path = piano_41.aiff; sourceTree = "<group>"; };
		C82DC2B314D63287008CC4C6 /* piano_42.aiff */ = {isa = PBXFileReference; lastKnownFileType = audio.aiff; path = piano_42.aiff; sourceTree = "<group>"; };
		C82DC2B414D63287008CC4C6 /* piano_43.aiff */ = {isa = PBXFileReference; lastKnownFileType = audio.aiff; path = piano_43.aiff; sourceTree = "<group>"; };
		C82DC2B514D63287008CC4C6 /* piano_44.aiff */ = {isa = PBXFileReference; lastKnownFileType = audio.aiff; path = piano_44.aiff; sourceTree = "<group>"; };
		C82DC2B614D63287008CC4C6 /* piano_45.aiff */ = {isa = PBXFileReference; lastKnownFileType = audio.aiff; path = piano_45.aiff; sourceTree = "<group>"; };
		C82DC2B714D63287008CC4C6 /* piano_46.aiff */ = {isa = PBXFileReference; lastKnownFileType = audio.aiff; path = piano_46.aiff; sourceTree = "<group>"; };
		C82DC2B814D63287008CC4C6 /* piano_47.aiff */ = {isa = PBXFileReference; lastKnownFileType = audio.aiff; path = piano_47.aiff; sourceTree = "<group>"; };
		C82DC2B914D63287008CC4C6 /* piano_48.aiff */ = {isa = PBXFileReference; lastKnownFileType = audio.aiff; path = piano_48.aiff; sourceTree = "<group>"; };
		C82DC2BA14D63287008CC4C6 /* piano_49.aiff */ = {isa = PBXFileReference; lastKnownFileType = audio.aiff; path = piano_49.aiff; sourceTree = "<group>"; };
		C82DC2BB14D63287008CC4C6 /* piano_50.aiff */ = {isa = PBXFileReference; lastKnownFileType = audio.aiff; path = piano_50.aiff; sourceTree = "<group>"; };
		C82DC2BC14D63287008CC4C6 /* piano_51.aiff */ = {isa = PBXFileReference; lastKnownFileType = audio.aiff; path = piano_51.aiff; sourceTree = "<group>"; };
		C82DC2BD14D63287008CC4C6 /* piano_52.aiff */ = {isa = PBXFileReference; lastKnownFileType = audio.aiff; path = piano_52.aiff; sourceTree = "<group>"; };
		C82DC2BE14D63287008CC4C6 /* piano_53.aiff */ = {isa = PBXFileReference; lastKnownFileType = audio.aiff; path = piano_53.aiff; sourceTree = "<group>"; };
		C82DC2BF14D63287008CC4C6 /* piano_54.aiff */ = {isa = PBXFileReference; lastKnownFileType = audio.aiff; path = piano_54.aiff; sourceTree = "<group>"; };
		C82DC2C014D63287008CC4C6 /* piano_55.aiff */ = {isa = PBXFileReference; lastKnownFileType = audio.aiff; path = piano_55.aiff; sourceTree = "<group>"; };
		C82DC2C114D63287008CC4C6 /* piano_56.aiff */ = {isa = PBXFileReference; lastKnownFileType = audio.aiff; path = piano_56.aiff; sourceTree = "<group>"; };
		C82DC2C214D63287008CC4C6 /* piano_57.aiff */ = {isa = PBXFileReference; lastKnownFileType = audio.aiff; path = piano_57.aiff; sourceTree = "<group>"; };
		C82DC2C314D63287008CC4C6 /* piano_58.aiff */ = {isa = PBXFileReference; lastKnownFileType = audio.aiff; path = piano_58.aiff; sourceTree = "<group>"; };
		C82DC2C414D63287008CC4C6 /* piano_59.aiff */ = {isa = PBXFileReference; lastKnownFileType = audio.aiff; path = piano_59.aiff; sourceTree = "<group>"; };
		C82DC2C514D63287008CC4C6 /* piano_60.aiff */ = {isa = PBXFileReference; lastKnownFileType = audio.aiff; path = piano_60.aiff; sourceTree = "<group>"; };
		C82DC2C614D63287008CC4C6 /* piano_61.aiff */ = {isa = PBXFileReference; lastKnownFileType = audio.aiff; path = piano_61.aiff; sourceTree = "<group>"; };
		C82DC2C714D63287008CC4C6 /* piano_62.aiff */ = {isa = PBXFileReference; lastKnownFileType = audio.aiff; path = piano_62.aiff; sourceTree = "<group>"; };
		C82DC2C814D63287008CC4C6 /* piano_63.aiff */ = {isa = PBXFileReference; lastKnownFileType = audio.aiff; path = piano_63.aiff; sourceTree = "<group>"; };
		C82DC2C914D63287008CC4C6 /* piano_64.aiff */ = {isa = PBXFileReference; lastKnownFileType = audio.aiff; path = piano_64.aiff; sourceTree = "<group>"; };
		C82DC2CA14D63287008CC4C6 /* piano_65.aiff */ = {isa = PBXFileReference; lastKnownFileType = audio.aiff; path = piano_65.aiff; sourceTree = "<group>"; };
		C82DC2CB14D63287008CC4C6 /* piano_66.aiff */ = {isa = PBXFileReference; lastKnownFileType = audio.aiff; path = piano_66.aiff; sourceTree = "<group>"; };
		C82DC2CC14D63287008CC4C6 /* piano_67.aiff */ = {isa = PBXFileReference; lastKnownFileType = audio.aiff; path = piano_67.aiff; sourceTree = "<group>"; };
		C82DC2CD14D63287008CC4C6 /* piano_68.aiff */ = {isa = PBXFileReference; lastKnownFileType = audio.aiff; path = piano_68.aiff; sourceTree = "<group>"; };
		C82DC2CE14D63287008CC4C6 /* piano_69.aiff */ = {isa = PBXFileReference; lastKnownFileType = audio.aiff; path = piano_69.aiff; sourceTree = "<group>"; };
		C82DC2CF14D63287008CC4C6 /* piano_70.aiff */ = {isa = PBXFileReference; lastKnownFileType = audio.aiff; path = piano_70.aiff; sourceTree = "<group>"; };
		C82DC2D014D63287008CC4C6 /* piano_71.aiff */ = {isa = PBXFileReference; lastKnownFileType = audio.aiff; path = piano_71.aiff; sourceTree = "<group>"; };
		C82DC2D114D63287008CC4C6 /* piano_72.aiff */ = {isa = PBXFileReference; lastKnownFileType = audio.aiff; path = piano_72.aiff; sourceTree = "<group>"; };
		C82DC2D214D63287008CC4C6 /* piano_73.aiff */ = {isa = PBXFileReference; lastKnownFileType = audio.aiff; path = piano_73.aiff; sourceTree = "<group>"; };
		C82DC2D314D63287008CC4C6 /* piano_74.aiff */ = {isa = PBXFileReference; lastKnownFileType = audio.aiff; path = piano_74.aiff; sourceTree = "<group>"; };
		C82DC2D414D63287008CC4C6 /* piano_75.aiff */ = {isa = PBXFileReference; lastKnownFileType = audio.aiff; path = piano_75.aiff; sourceTree = "<group>"; };
		C82DC2D514D63287008CC4C6 /* piano_76.aiff */ = {isa = PBXFileReference; lastKnownFileType = audio.aiff; path = piano_76.aiff; sourceTree = "<group>"; };
		C82DC2D614D63287008CC4C6 /* piano_77.aiff */ = {isa = PBXFileReference; lastKnownFileType = audio.aiff; path = piano_77.aiff; sourceTree = "<group>"; };
		C82DC2D714D63287008CC4C6 /* piano_78.aiff */ = {isa = PBXFileReference; lastKnownFileType = audio.aiff; path = piano_78.aiff; sourceTree = "<group>"; };
		C82DC2D814D63287008CC4C6 /* piano_79.aiff */ = {isa = PBXFileReference; lastKnownFileType = audio.aiff; path = piano_79.aiff; sourceTree = "<group>"; };
		C82DC2D914D63287008CC4C6 /* piano_80.aiff */ = {isa = PBXFileReference; lastKnownFileType = audio.aiff; path = piano_80.aiff; sourceTree = "<group>"; };
		C82DC2DA14D63287008CC4C6 /* piano_81.aiff */ = {isa = PBXFileReference; lastKnownFileType = audio.aiff; path = piano_81.aiff; sourceTree = "<group>"; };
		C82DC2DB14D63287008CC4C6 /* piano_82.aiff */ = {isa = PBXFileReference; lastKnownFileType = audio.aiff; path = piano_82.aiff; sourceTree = "<group>"; };
		C82DC2DC14D63287008CC4C6 /* piano_83.aiff */ = {isa = PBXFileReference; lastKnownFileType = audio.aiff; path = piano_83.aiff; sourceTree = "<group>"; };
		C82DC2DD14D63287008CC4C6 /* piano_84.aiff */ = {isa = PBXFileReference; lastKnownFileType = audio.aiff; path = piano_84.aiff; sourceTree = "<group>"; };
		C82DC2DE14D63287008CC4C6 /* piano_85.aiff */ = {isa = PBXFileReference; lastKnownFileType = audio.aiff; path = piano_85.aiff; sourceTree = "<group>"; };
		C82DC2DF14D63287008CC4C6 /* piano_86.aiff */ = {isa = PBXFileReference; lastKnownFileType = audio.aiff; path = piano_86.aiff; sourceTree = "<group>"; };
		C82DC2E014D63287008CC4C6 /* piano_87.aiff */ = {isa = PBXFileReference; lastKnownFileType = audio.aiff; path = piano_87.aiff; sourceTree = "<group>"; };
		C82DC2E114D63287008CC4C6 /* piano_88.aiff */ = {isa = PBXFileReference; lastKnownFileType = audio.aiff; path = piano_88.aiff; sourceTree = "<group>"; };
		C82DC2E214D63287008CC4C6 /* piano_89.aiff */ = {isa = PBXFileReference; lastKnownFileType = audio.aiff; path = piano_89.aiff; sourceTree = "<group>"; };
		C82DC2E314D63287008CC4C6 /* piano_90.aiff */ = {isa = PBXFileReference; lastKnownFileType = audio.aiff; path = piano_90.aiff; sourceTree = "<group>"; };
		C82DC2E414D63287008CC4C6 /* piano_91.aiff */ = {isa = PBXFileReference; lastKnownFileType = audio.aiff; path = piano_91.aiff; sourceTree = "<group>"; };
		C82DC2E514D63287008CC4C6 /* piano_92.aiff */ = {isa = PBXFileReference; lastKnownFileType = audio.aiff; path = piano_92.aiff; sourceTree = "<group>"; };
		C82DC2E614D63287008CC4C6 /* piano_93.aiff */ = {isa = PBXFileReference; lastKnownFileType = audio.aiff; path = piano_93.aiff; sourceTree = "<group>"; };
		C82DC2E714D63287008CC4C6 /* piano_94.aiff */ = {isa = PBXFileReference; lastKnownFileType = audio.aiff; path = piano_94.aiff; sourceTree = "<group>"; };
		C82DC2E814D63287008CC4C6 /* piano_95.aiff */ = {isa = PBXFileReference; lastKnownFileType = audio.aiff; path = piano_95.aiff; sourceTree = "<group>"; };
		C85A84A014D4AA0800394052 /* Icon.png */ = {isa = PBXFileReference; lastKnownFileType = image.png; name = Icon.png; path = ../Icon.png; sourceTree = "<group>"; };
		C85A84A214D4AA1000394052 /* Icon@2x.png */ = {isa = PBXFileReference; lastKnownFileType = image.png; name = "Icon@2x.png"; path = "../Icon@2x.png"; sourceTree = "<group>"; };
		C85A84A414D4AA1E00394052 /* Icon-Small.png */ = {isa = PBXFileReference; lastKnownFileType = image.png; name = "Icon-Small.png"; path = "../Icon-Small.png"; sourceTree = "<group>"; };
		C85A84A514D4AA1E00394052 /* Icon-Small@2x.png */ = {isa = PBXFileReference; lastKnownFileType = image.png; name = "Icon-Small@2x.png"; path = "../Icon-Small@2x.png"; sourceTree = "<group>"; };
		C85A84A914D4AB4D00394052 /* playmode_Ascending.png */ = {isa = PBXFileReference; lastKnownFileType = image.png; path = playmode_Ascending.png; sourceTree = "<group>"; };
		C85A84AA14D4AB4D00394052 /* playmode_Chord.png */ = {isa = PBXFileReference; lastKnownFileType = image.png; path = playmode_Chord.png; sourceTree = "<group>"; };
		C85A84AB14D4AB4D00394052 /* playmode_Descending.png */ = {isa = PBXFileReference; lastKnownFileType = image.png; path = playmode_Descending.png; sourceTree = "<group>"; };
		C85A84AF14D4AB7A00394052 /* background.png */ = {isa = PBXFileReference; lastKnownFileType = image.png; path = background.png; sourceTree = "<group>"; };
		FF002B8A14DE0C1A00BF9A22 /* Interval.h */ = {isa = PBXFileReference; fileEncoding = 4; lastKnownFileType = sourcecode.c.h; path = Interval.h; sourceTree = "<group>"; };
		FF002B8B14DE0C1A00BF9A22 /* Interval.m */ = {isa = PBXFileReference; fileEncoding = 4; lastKnownFileType = sourcecode.c.objc; path = Interval.m; sourceTree = "<group>"; };
		FF0FE6AD14F95B9F0033F768 /* JTRevealSidebarV2Delegate.h */ = {isa = PBXFileReference; fileEncoding = 4; lastKnownFileType = sourcecode.c.h; path = JTRevealSidebarV2Delegate.h; sourceTree = "<group>"; };
		FF0FE6AE14F95B9F0033F768 /* UINavigationItem+JTRevealSidebarV2.h */ = {isa = PBXFileReference; fileEncoding = 4; lastKnownFileType = sourcecode.c.h; path = "UINavigationItem+JTRevealSidebarV2.h"; sourceTree = "<group>"; };
		FF0FE6AF14F95B9F0033F768 /* UINavigationItem+JTRevealSidebarV2.m */ = {isa = PBXFileReference; fileEncoding = 4; lastKnownFileType = sourcecode.c.objc; path = "UINavigationItem+JTRevealSidebarV2.m"; sourceTree = "<group>"; };
		FF0FE6B014F95B9F0033F768 /* UIViewController+JTRevealSidebarV2.h */ = {isa = PBXFileReference; fileEncoding = 4; lastKnownFileType = sourcecode.c.h; path = "UIViewController+JTRevealSidebarV2.h"; sourceTree = "<group>"; };
		FF0FE6B114F95B9F0033F768 /* UIViewController+JTRevealSidebarV2.m */ = {isa = PBXFileReference; fileEncoding = 4; lastKnownFileType = sourcecode.c.objc; path = "UIViewController+JTRevealSidebarV2.m"; sourceTree = "<group>"; };
		FF0FE6BB14F96F460033F768 /* MainMenuViewController.h */ = {isa = PBXFileReference; fileEncoding = 4; lastKnownFileType = sourcecode.c.h; path = MainMenuViewController.h; sourceTree = "<group>"; };
		FF0FE6BC14F96F470033F768 /* MainMenuViewController.m */ = {isa = PBXFileReference; fileEncoding = 4; lastKnownFileType = sourcecode.c.objc; path = MainMenuViewController.m; sourceTree = "<group>"; };
		FF1B4A2E14DDB3EF00DBAB5A /* Defaults.h */ = {isa = PBXFileReference; fileEncoding = 4; lastKnownFileType = sourcecode.c.h; path = Defaults.h; sourceTree = "<group>"; };
		FF1B4A2F14DDB3EF00DBAB5A /* Defaults.m */ = {isa = PBXFileReference; fileEncoding = 4; lastKnownFileType = sourcecode.c.objc; path = Defaults.m; sourceTree = "<group>"; };
		FF36DBBA14D49BEF0056D087 /* IntervalTrainerViewController.h */ = {isa = PBXFileReference; fileEncoding = 4; lastKnownFileType = sourcecode.c.h; path = IntervalTrainerViewController.h; sourceTree = "<group>"; };
		FF36DBBB14D49BEF0056D087 /* IntervalTrainerViewController.m */ = {isa = PBXFileReference; fileEncoding = 4; lastKnownFileType = sourcecode.c.objc; path = IntervalTrainerViewController.m; sourceTree = "<group>"; };
		FF47C62914F0493E0054139E /* TempoSettingsViewController.h */ = {isa = PBXFileReference; fileEncoding = 4; lastKnownFileType = sourcecode.c.h; name = TempoSettingsViewController.h; path = ../TempoSettingsViewController.h; sourceTree = "<group>"; };
		FF47C62A14F0493E0054139E /* TempoSettingsViewController.m */ = {isa = PBXFileReference; fileEncoding = 4; lastKnownFileType = sourcecode.c.objc; name = TempoSettingsViewController.m; path = ../TempoSettingsViewController.m; sourceTree = "<group>"; };
		FF5FFCA114FAC07800B2636D /* Chord.h */ = {isa = PBXFileReference; fileEncoding = 4; lastKnownFileType = sourcecode.c.h; path = Chord.h; sourceTree = "<group>"; };
		FF5FFCA214FAC07800B2636D /* Chord.m */ = {isa = PBXFileReference; fileEncoding = 4; lastKnownFileType = sourcecode.c.objc; path = Chord.m; sourceTree = "<group>"; };
		FF5FFCA514FADA2E00B2636D /* NoteCollection.h */ = {isa = PBXFileReference; fileEncoding = 4; lastKnownFileType = sourcecode.c.h; path = NoteCollection.h; sourceTree = "<group>"; };
		FF5FFCA614FADA2E00B2636D /* NoteCollection.m */ = {isa = PBXFileReference; fileEncoding = 4; lastKnownFileType = sourcecode.c.objc; path = NoteCollection.m; sourceTree = "<group>"; };
		FF659B3214D60B5A000E7EC2 /* SettingsViewController.h */ = {isa = PBXFileReference; fileEncoding = 4; lastKnownFileType = sourcecode.c.h; name = SettingsViewController.h; path = ../SettingsViewController.h; sourceTree = "<group>"; };
		FF659B3314D60B5A000E7EC2 /* SettingsViewController.m */ = {isa = PBXFileReference; fileEncoding = 4; lastKnownFileType = sourcecode.c.objc; name = SettingsViewController.m; path = ../SettingsViewController.m; sourceTree = "<group>"; };
		FF659B3A14D62932000E7EC2 /* SoundEngine.h */ = {isa = PBXFileReference; fileEncoding = 4; lastKnownFileType = sourcecode.c.h; path = SoundEngine.h; sourceTree = "<group>"; };
		FF659B3B14D62932000E7EC2 /* SoundEngine.m */ = {isa = PBXFileReference; fileEncoding = 4; lastKnownFileType = sourcecode.c.objc; path = SoundEngine.m; sourceTree = "<group>"; };
		FF659B3D14D62955000E7EC2 /* AudioToolbox.framework */ = {isa = PBXFileReference; lastKnownFileType = wrapper.framework; name = AudioToolbox.framework; path = System/Library/Frameworks/AudioToolbox.framework; sourceTree = SDKROOT; };
		FF68C26C14F9B745008894CB /* ChordTrainerViewController.h */ = {isa = PBXFileReference; fileEncoding = 4; lastKnownFileType = sourcecode.c.h; path = ChordTrainerViewController.h; sourceTree = "<group>"; };
		FF68C26D14F9B745008894CB /* ChordTrainerViewController.m */ = {isa = PBXFileReference; fileEncoding = 4; lastKnownFileType = sourcecode.c.objc; path = ChordTrainerViewController.m; sourceTree = "<group>"; };
		FF68C27014F9BD35008894CB /* TrainerModelViewController.h */ = {isa = PBXFileReference; fileEncoding = 4; lastKnownFileType = sourcecode.c.h; path = TrainerModelViewController.h; sourceTree = "<group>"; };
		FF68C27114F9BD35008894CB /* TrainerModelViewController.m */ = {isa = PBXFileReference; fileEncoding = 4; lastKnownFileType = sourcecode.c.objc; path = TrainerModelViewController.m; sourceTree = "<group>"; };
		FF6A4A8414E8410A00CE4145 /* RootOctaveSettingsViewController.h */ = {isa = PBXFileReference; fileEncoding = 4; lastKnownFileType = sourcecode.c.h; name = RootOctaveSettingsViewController.h; path = ../RootOctaveSettingsViewController.h; sourceTree = "<group>"; };
		FF6A4A8514E8410A00CE4145 /* RootOctaveSettingsViewController.m */ = {isa = PBXFileReference; fileEncoding = 4; lastKnownFileType = sourcecode.c.objc; name = RootOctaveSettingsViewController.m; path = ../RootOctaveSettingsViewController.m; sourceTree = "<group>"; };
		FF6A4A8814E8438B00CE4145 /* HighOctaveSettingsViewController.h */ = {isa = PBXFileReference; fileEncoding = 4; lastKnownFileType = sourcecode.c.h; path = HighOctaveSettingsViewController.h; sourceTree = "<group>"; };
		FF6A4A8914E8438B00CE4145 /* HighOctaveSettingsViewController.m */ = {isa = PBXFileReference; fileEncoding = 4; lastKnownFileType = sourcecode.c.objc; path = HighOctaveSettingsViewController.m; sourceTree = "<group>"; };
		FF7D7CE414E77C9B006E6362 /* PlaymodeSettingsViewController.h */ = {isa = PBXFileReference; fileEncoding = 4; lastKnownFileType = sourcecode.c.h; path = PlaymodeSettingsViewController.h; sourceTree = "<group>"; };
		FF7D7CE514E77C9B006E6362 /* PlaymodeSettingsViewController.m */ = {isa = PBXFileReference; fileEncoding = 4; lastKnownFileType = sourcecode.c.objc; path = PlaymodeSettingsViewController.m; sourceTree = "<group>"; };
		FF8E8C3B14D4942F00CC8818 /* EarTrainer.app */ = {isa = PBXFileReference; explicitFileType = wrapper.application; includeInIndex = 0; path = EarTrainer.app; sourceTree = BUILT_PRODUCTS_DIR; };
		FF8E8C3F14D4942F00CC8818 /* UIKit.framework */ = {isa = PBXFileReference; lastKnownFileType = wrapper.framework; name = UIKit.framework; path = System/Library/Frameworks/UIKit.framework; sourceTree = SDKROOT; };
		FF8E8C4114D4942F00CC8818 /* Foundation.framework */ = {isa = PBXFileReference; lastKnownFileType = wrapper.framework; name = Foundation.framework; path = System/Library/Frameworks/Foundation.framework; sourceTree = SDKROOT; };
		FF8E8C4314D4942F00CC8818 /* CoreGraphics.framework */ = {isa = PBXFileReference; lastKnownFileType = wrapper.framework; name = CoreGraphics.framework; path = System/Library/Frameworks/CoreGraphics.framework; sourceTree = SDKROOT; };
		FF8E8C4714D4942F00CC8818 /* EarTrainer-Info.plist */ = {isa = PBXFileReference; lastKnownFileType = text.plist.xml; path = "EarTrainer-Info.plist"; sourceTree = "<group>"; };
		FF8E8C4914D4942F00CC8818 /* en */ = {isa = PBXFileReference; lastKnownFileType = text.plist.strings; name = en; path = en.lproj/InfoPlist.strings; sourceTree = "<group>"; };
		FF8E8C4B14D4942F00CC8818 /* main.m */ = {isa = PBXFileReference; lastKnownFileType = sourcecode.c.objc; path = main.m; sourceTree = "<group>"; };
		FF8E8C4D14D4942F00CC8818 /* EarTrainer-Prefix.pch */ = {isa = PBXFileReference; lastKnownFileType = sourcecode.c.h; path = "EarTrainer-Prefix.pch"; sourceTree = "<group>"; };
		FF8E8C4E14D4943000CC8818 /* AppDelegate.h */ = {isa = PBXFileReference; lastKnownFileType = sourcecode.c.h; path = AppDelegate.h; sourceTree = "<group>"; };
		FF8E8C4F14D4943000CC8818 /* AppDelegate.m */ = {isa = PBXFileReference; lastKnownFileType = sourcecode.c.objc; path = AppDelegate.m; sourceTree = "<group>"; };
		FF8E8C5214D4943000CC8818 /* en */ = {isa = PBXFileReference; lastKnownFileType = file.storyboard; name = en; path = en.lproj/MainStoryboard.storyboard; sourceTree = "<group>"; };
		FF9678FF14FD4E99004E9402 /* ButtonMenu.png */ = {isa = PBXFileReference; lastKnownFileType = image.png; name = ButtonMenu.png; path = ../ButtonMenu.png; sourceTree = "<group>"; };
		FF96790014FD4E99004E9402 /* ButtonMenu@2x.png */ = {isa = PBXFileReference; lastKnownFileType = image.png; name = "ButtonMenu@2x.png"; path = "../ButtonMenu@2x.png"; sourceTree = "<group>"; };
		FFB55A451502F3F700614D6D /* AboutViewController.h */ = {isa = PBXFileReference; fileEncoding = 4; lastKnownFileType = sourcecode.c.h; path = AboutViewController.h; sourceTree = "<group>"; };
		FFB55A461502F3F700614D6D /* AboutViewController.m */ = {isa = PBXFileReference; fileEncoding = 4; lastKnownFileType = sourcecode.c.objc; path = AboutViewController.m; sourceTree = "<group>"; };
		FFB55A471502F3F700614D6D /* AboutViewController.xib */ = {isa = PBXFileReference; fileEncoding = 4; lastKnownFileType = file.xib; path = AboutViewController.xib; sourceTree = "<group>"; };
		FFBE9A1114DDADA600C755DB /* Note.h */ = {isa = PBXFileReference; fileEncoding = 4; lastKnownFileType = sourcecode.c.h; path = Note.h; sourceTree = "<group>"; };
		FFBE9A1214DDADA600C755DB /* Note.m */ = {isa = PBXFileReference; fileEncoding = 4; lastKnownFileType = sourcecode.c.objc; path = Note.m; sourceTree = "<group>"; };
		FFD0C69B1502875C00BB6C9F /* ContainerViewController.h */ = {isa = PBXFileReference; fileEncoding = 4; lastKnownFileType = sourcecode.c.h; name = ContainerViewController.h; path = ../ContainerViewController.h; sourceTree = "<group>"; };
		FFD0C69C1502875C00BB6C9F /* ContainerViewController.m */ = {isa = PBXFileReference; fileEncoding = 4; lastKnownFileType = sourcecode.c.objc; name = ContainerViewController.m; path = ../ContainerViewController.m; sourceTree = "<group>"; };
		FFD0C69D1502875C00BB6C9F /* ContainerViewController.xib */ = {isa = PBXFileReference; fileEncoding = 4; lastKnownFileType = file.xib; name = ContainerViewController.xib; path = ../ContainerViewController.xib; sourceTree = "<group>"; };
		FFD0C6A11502878500BB6C9F /* MainMenu.xib */ = {isa = PBXFileReference; fileEncoding = 4; lastKnownFileType = file.xib; name = MainMenu.xib; path = ../MainMenu.xib; sourceTree = "<group>"; };
/* End PBXFileReference section */

/* Begin PBXFrameworksBuildPhase section */
		FF8E8C3814D4942F00CC8818 /* Frameworks */ = {
			isa = PBXFrameworksBuildPhase;
			buildActionMask = 2147483647;
			files = (
				FF659B3E14D62955000E7EC2 /* AudioToolbox.framework in Frameworks */,
				FF8E8C4014D4942F00CC8818 /* UIKit.framework in Frameworks */,
				FF8E8C4214D4942F00CC8818 /* Foundation.framework in Frameworks */,
				FF8E8C4414D4942F00CC8818 /* CoreGraphics.framework in Frameworks */,
			);
			runOnlyForDeploymentPostprocessing = 0;
		};
/* End PBXFrameworksBuildPhase section */

/* Begin PBXGroup section */
		C82DC2AC14D63287008CC4C6 /* Samples */ = {
			isa = PBXGroup;
			children = (
				C82DC2AD14D63287008CC4C6 /* piano_36.aiff */,
				C82DC2AE14D63287008CC4C6 /* piano_37.aiff */,
				C82DC2AF14D63287008CC4C6 /* piano_38.aiff */,
				C82DC2B014D63287008CC4C6 /* piano_39.aiff */,
				C82DC2B114D63287008CC4C6 /* piano_40.aiff */,
				C82DC2B214D63287008CC4C6 /* piano_41.aiff */,
				C82DC2B314D63287008CC4C6 /* piano_42.aiff */,
				C82DC2B414D63287008CC4C6 /* piano_43.aiff */,
				C82DC2B514D63287008CC4C6 /* piano_44.aiff */,
				C82DC2B614D63287008CC4C6 /* piano_45.aiff */,
				C82DC2B714D63287008CC4C6 /* piano_46.aiff */,
				C82DC2B814D63287008CC4C6 /* piano_47.aiff */,
				C82DC2B914D63287008CC4C6 /* piano_48.aiff */,
				C82DC2BA14D63287008CC4C6 /* piano_49.aiff */,
				C82DC2BB14D63287008CC4C6 /* piano_50.aiff */,
				C82DC2BC14D63287008CC4C6 /* piano_51.aiff */,
				C82DC2BD14D63287008CC4C6 /* piano_52.aiff */,
				C82DC2BE14D63287008CC4C6 /* piano_53.aiff */,
				C82DC2BF14D63287008CC4C6 /* piano_54.aiff */,
				C82DC2C014D63287008CC4C6 /* piano_55.aiff */,
				C82DC2C114D63287008CC4C6 /* piano_56.aiff */,
				C82DC2C214D63287008CC4C6 /* piano_57.aiff */,
				C82DC2C314D63287008CC4C6 /* piano_58.aiff */,
				C82DC2C414D63287008CC4C6 /* piano_59.aiff */,
				C82DC2C514D63287008CC4C6 /* piano_60.aiff */,
				C82DC2C614D63287008CC4C6 /* piano_61.aiff */,
				C82DC2C714D63287008CC4C6 /* piano_62.aiff */,
				C82DC2C814D63287008CC4C6 /* piano_63.aiff */,
				C82DC2C914D63287008CC4C6 /* piano_64.aiff */,
				C82DC2CA14D63287008CC4C6 /* piano_65.aiff */,
				C82DC2CB14D63287008CC4C6 /* piano_66.aiff */,
				C82DC2CC14D63287008CC4C6 /* piano_67.aiff */,
				C82DC2CD14D63287008CC4C6 /* piano_68.aiff */,
				C82DC2CE14D63287008CC4C6 /* piano_69.aiff */,
				C82DC2CF14D63287008CC4C6 /* piano_70.aiff */,
				C82DC2D014D63287008CC4C6 /* piano_71.aiff */,
				C82DC2D114D63287008CC4C6 /* piano_72.aiff */,
				C82DC2D214D63287008CC4C6 /* piano_73.aiff */,
				C82DC2D314D63287008CC4C6 /* piano_74.aiff */,
				C82DC2D414D63287008CC4C6 /* piano_75.aiff */,
				C82DC2D514D63287008CC4C6 /* piano_76.aiff */,
				C82DC2D614D63287008CC4C6 /* piano_77.aiff */,
				C82DC2D714D63287008CC4C6 /* piano_78.aiff */,
				C82DC2D814D63287008CC4C6 /* piano_79.aiff */,
				C82DC2D914D63287008CC4C6 /* piano_80.aiff */,
				C82DC2DA14D63287008CC4C6 /* piano_81.aiff */,
				C82DC2DB14D63287008CC4C6 /* piano_82.aiff */,
				C82DC2DC14D63287008CC4C6 /* piano_83.aiff */,
				C82DC2DD14D63287008CC4C6 /* piano_84.aiff */,
				C82DC2DE14D63287008CC4C6 /* piano_85.aiff */,
				C82DC2DF14D63287008CC4C6 /* piano_86.aiff */,
				C82DC2E014D63287008CC4C6 /* piano_87.aiff */,
				C82DC2E114D63287008CC4C6 /* piano_88.aiff */,
				C82DC2E214D63287008CC4C6 /* piano_89.aiff */,
				C82DC2E314D63287008CC4C6 /* piano_90.aiff */,
				C82DC2E414D63287008CC4C6 /* piano_91.aiff */,
				C82DC2E514D63287008CC4C6 /* piano_92.aiff */,
				C82DC2E614D63287008CC4C6 /* piano_93.aiff */,
				C82DC2E714D63287008CC4C6 /* piano_94.aiff */,
				C82DC2E814D63287008CC4C6 /* piano_95.aiff */,
			);
			path = Samples;
			sourceTree = "<group>";
		};
		C85A84A814D4AA2900394052 /* images */ = {
			isa = PBXGroup;
			children = (
				FF9678FF14FD4E99004E9402 /* ButtonMenu.png */,
				FF96790014FD4E99004E9402 /* ButtonMenu@2x.png */,
				C85A84AF14D4AB7A00394052 /* background.png */,
				C85A84A014D4AA0800394052 /* Icon.png */,
				C85A84A214D4AA1000394052 /* Icon@2x.png */,
				C85A84A414D4AA1E00394052 /* Icon-Small.png */,
				C85A84A514D4AA1E00394052 /* Icon-Small@2x.png */,
				C85A84A914D4AB4D00394052 /* playmode_Ascending.png */,
				C85A84AA14D4AB4D00394052 /* playmode_Chord.png */,
				C85A84AB14D4AB4D00394052 /* playmode_Descending.png */,
			);
			name = images;
			sourceTree = "<group>";
		};
		FF0FE6AC14F95B9F0033F768 /* JTRevealSidebarV2 */ = {
			isa = PBXGroup;
			children = (
				FF0FE6AD14F95B9F0033F768 /* JTRevealSidebarV2Delegate.h */,
				FF0FE6AE14F95B9F0033F768 /* UINavigationItem+JTRevealSidebarV2.h */,
				FF0FE6AF14F95B9F0033F768 /* UINavigationItem+JTRevealSidebarV2.m */,
				FF0FE6B014F95B9F0033F768 /* UIViewController+JTRevealSidebarV2.h */,
				FF0FE6B114F95B9F0033F768 /* UIViewController+JTRevealSidebarV2.m */,
			);
			path = JTRevealSidebarV2;
			sourceTree = "<group>";
		};
		FF0FE6B514F95BA30033F768 /* Libraries */ = {
			isa = PBXGroup;
			children = (
				FF0FE6AC14F95B9F0033F768 /* JTRevealSidebarV2 */,
			);
			name = Libraries;
			sourceTree = "<group>";
		};
		FF36DBC214D4A34F0056D087 /* Controller */ = {
			isa = PBXGroup;
			children = (
				FF0FE6BB14F96F460033F768 /* MainMenuViewController.h */,
				FF0FE6BC14F96F470033F768 /* MainMenuViewController.m */,
				FFD0C69B1502875C00BB6C9F /* ContainerViewController.h */,
				FFD0C69C1502875C00BB6C9F /* ContainerViewController.m */,
				FF68C27014F9BD35008894CB /* TrainerModelViewController.h */,
				FF68C27114F9BD35008894CB /* TrainerModelViewController.m */,
				FF36DBBA14D49BEF0056D087 /* IntervalTrainerViewController.h */,
				FF36DBBB14D49BEF0056D087 /* IntervalTrainerViewController.m */,
				FF68C26C14F9B745008894CB /* ChordTrainerViewController.h */,
				FF68C26D14F9B745008894CB /* ChordTrainerViewController.m */,
				FFB55A451502F3F700614D6D /* AboutViewController.h */,
				FFB55A461502F3F700614D6D /* AboutViewController.m */,
				FFB55A441502F35400614D6D /* Settings */,
			);
			name = Controller;
			sourceTree = "<group>";
		};
		FF36DBC314D4A3610056D087 /* View */ = {
			isa = PBXGroup;
			children = (
				FFB55A471502F3F700614D6D /* AboutViewController.xib */,
				FFD0C69D1502875C00BB6C9F /* ContainerViewController.xib */,
				FFD0C6A11502878500BB6C9F /* MainMenu.xib */,
				FF8E8C5114D4943000CC8818 /* MainStoryboard.storyboard */,
			);
			name = View;
			sourceTree = "<group>";
		};
		FF36DBC414D4A36D0056D087 /* Model */ = {
			isa = PBXGroup;
			children = (
				FFBE9A1114DDADA600C755DB /* Note.h */,
				FFBE9A1214DDADA600C755DB /* Note.m */,
				FF5FFCA514FADA2E00B2636D /* NoteCollection.h */,
				FF5FFCA614FADA2E00B2636D /* NoteCollection.m */,
				FF002B8A14DE0C1A00BF9A22 /* Interval.h */,
				FF002B8B14DE0C1A00BF9A22 /* Interval.m */,
				FF5FFCA114FAC07800B2636D /* Chord.h */,
				FF5FFCA214FAC07800B2636D /* Chord.m */,
				FF1B4A2E14DDB3EF00DBAB5A /* Defaults.h */,
				FF1B4A2F14DDB3EF00DBAB5A /* Defaults.m */,
				FF659B3A14D62932000E7EC2 /* SoundEngine.h */,
				FF659B3B14D62932000E7EC2 /* SoundEngine.m */,
			);
			name = Model;
			sourceTree = "<group>";
		};
		FF8E8C3014D4942F00CC8818 = {
			isa = PBXGroup;
			children = (
				FF8E8C4514D4942F00CC8818 /* EarTrainer */,
				FF8E8C3E14D4942F00CC8818 /* Frameworks */,
				FF8E8C3C14D4942F00CC8818 /* Products */,
			);
			sourceTree = "<group>";
		};
		FF8E8C3C14D4942F00CC8818 /* Products */ = {
			isa = PBXGroup;
			children = (
				FF8E8C3B14D4942F00CC8818 /* EarTrainer.app */,
			);
			name = Products;
			sourceTree = "<group>";
		};
		FF8E8C3E14D4942F00CC8818 /* Frameworks */ = {
			isa = PBXGroup;
			children = (
				FF659B3D14D62955000E7EC2 /* AudioToolbox.framework */,
				FF8E8C3F14D4942F00CC8818 /* UIKit.framework */,
				FF8E8C4114D4942F00CC8818 /* Foundation.framework */,
				FF8E8C4314D4942F00CC8818 /* CoreGraphics.framework */,
			);
			name = Frameworks;
			sourceTree = "<group>";
		};
		FF8E8C4514D4942F00CC8818 /* EarTrainer */ = {
			isa = PBXGroup;
			children = (
				FF0FE6B514F95BA30033F768 /* Libraries */,
				FF36DBC414D4A36D0056D087 /* Model */,
				FF36DBC314D4A3610056D087 /* View */,
				FF36DBC214D4A34F0056D087 /* Controller */,
				FF8E8C4E14D4943000CC8818 /* AppDelegate.h */,
				FF8E8C4F14D4943000CC8818 /* AppDelegate.m */,
				FF8E8C4614D4942F00CC8818 /* Supporting Files */,
			);
			path = EarTrainer;
			sourceTree = "<group>";
		};
		FF8E8C4614D4942F00CC8818 /* Supporting Files */ = {
			isa = PBXGroup;
			children = (
				C82DC2AC14D63287008CC4C6 /* Samples */,
				C85A84A814D4AA2900394052 /* images */,
				FF8E8C4714D4942F00CC8818 /* EarTrainer-Info.plist */,
				FF8E8C4814D4942F00CC8818 /* InfoPlist.strings */,
				FF8E8C4B14D4942F00CC8818 /* main.m */,
				FF8E8C4D14D4942F00CC8818 /* EarTrainer-Prefix.pch */,
			);
			name = "Supporting Files";
			sourceTree = "<group>";
		};
		FFB55A441502F35400614D6D /* Settings */ = {
			isa = PBXGroup;
			children = (
				FF659B3214D60B5A000E7EC2 /* SettingsViewController.h */,
				FF659B3314D60B5A000E7EC2 /* SettingsViewController.m */,
				FF7D7CE414E77C9B006E6362 /* PlaymodeSettingsViewController.h */,
				FF7D7CE514E77C9B006E6362 /* PlaymodeSettingsViewController.m */,
				FF6A4A8414E8410A00CE4145 /* RootOctaveSettingsViewController.h */,
				FF6A4A8514E8410A00CE4145 /* RootOctaveSettingsViewController.m */,
				FF6A4A8814E8438B00CE4145 /* HighOctaveSettingsViewController.h */,
				FF6A4A8914E8438B00CE4145 /* HighOctaveSettingsViewController.m */,
				FF47C62914F0493E0054139E /* TempoSettingsViewController.h */,
				FF47C62A14F0493E0054139E /* TempoSettingsViewController.m */,
			);
			name = Settings;
			sourceTree = "<group>";
		};
/* End PBXGroup section */

/* Begin PBXNativeTarget section */
		FF8E8C3A14D4942F00CC8818 /* EarTrainer */ = {
			isa = PBXNativeTarget;
			buildConfigurationList = FF8E8C5914D4943000CC8818 /* Build configuration list for PBXNativeTarget "EarTrainer" */;
			buildPhases = (
				FF8E8C3714D4942F00CC8818 /* Sources */,
				FF8E8C3814D4942F00CC8818 /* Frameworks */,
				FF8E8C3914D4942F00CC8818 /* Resources */,
			);
			buildRules = (
			);
			dependencies = (
			);
			name = EarTrainer;
			productName = EarTrainer;
			productReference = FF8E8C3B14D4942F00CC8818 /* EarTrainer.app */;
			productType = "com.apple.product-type.application";
		};
/* End PBXNativeTarget section */

/* Begin PBXProject section */
		FF8E8C3214D4942F00CC8818 /* Project object */ = {
			isa = PBXProject;
			attributes = {
				LastUpgradeCheck = 0430;
			};
			buildConfigurationList = FF8E8C3514D4942F00CC8818 /* Build configuration list for PBXProject "EarTrainer" */;
			compatibilityVersion = "Xcode 3.2";
			developmentRegion = English;
			hasScannedForEncodings = 0;
			knownRegions = (
				en,
			);
			mainGroup = FF8E8C3014D4942F00CC8818;
			productRefGroup = FF8E8C3C14D4942F00CC8818 /* Products */;
			projectDirPath = "";
			projectRoot = "";
			targets = (
				FF8E8C3A14D4942F00CC8818 /* EarTrainer */,
			);
		};
/* End PBXProject section */

/* Begin PBXResourcesBuildPhase section */
		FF8E8C3914D4942F00CC8818 /* Resources */ = {
			isa = PBXResourcesBuildPhase;
			buildActionMask = 2147483647;
			files = (
				FF8E8C4A14D4942F00CC8818 /* InfoPlist.strings in Resources */,
				FF8E8C5314D4943000CC8818 /* MainStoryboard.storyboard in Resources */,
				C85A84A114D4AA0800394052 /* Icon.png in Resources */,
				C85A84A314D4AA1000394052 /* Icon@2x.png in Resources */,
				C85A84A614D4AA1E00394052 /* Icon-Small.png in Resources */,
				C85A84A714D4AA1E00394052 /* Icon-Small@2x.png in Resources */,
				C85A84AC14D4AB4D00394052 /* playmode_Ascending.png in Resources */,
				C85A84AD14D4AB4D00394052 /* playmode_Chord.png in Resources */,
				C85A84AE14D4AB4D00394052 /* playmode_Descending.png in Resources */,
				C85A84B014D4AB7B00394052 /* background.png in Resources */,
				C82DC2E914D63287008CC4C6 /* piano_36.aiff in Resources */,
				C82DC2EA14D63287008CC4C6 /* piano_37.aiff in Resources */,
				C82DC2EB14D63287008CC4C6 /* piano_38.aiff in Resources */,
				C82DC2EC14D63287008CC4C6 /* piano_39.aiff in Resources */,
				C82DC2ED14D63287008CC4C6 /* piano_40.aiff in Resources */,
				C82DC2EE14D63287008CC4C6 /* piano_41.aiff in Resources */,
				C82DC2EF14D63287008CC4C6 /* piano_42.aiff in Resources */,
				C82DC2F014D63287008CC4C6 /* piano_43.aiff in Resources */,
				C82DC2F114D63287008CC4C6 /* piano_44.aiff in Resources */,
				C82DC2F214D63287008CC4C6 /* piano_45.aiff in Resources */,
				C82DC2F314D63287008CC4C6 /* piano_46.aiff in Resources */,
				C82DC2F414D63287008CC4C6 /* piano_47.aiff in Resources */,
				C82DC2F514D63287008CC4C6 /* piano_48.aiff in Resources */,
				C82DC2F614D63287008CC4C6 /* piano_49.aiff in Resources */,
				C82DC2F714D63287008CC4C6 /* piano_50.aiff in Resources */,
				C82DC2F814D63287008CC4C6 /* piano_51.aiff in Resources */,
				C82DC2F914D63287008CC4C6 /* piano_52.aiff in Resources */,
				C82DC2FA14D63287008CC4C6 /* piano_53.aiff in Resources */,
				C82DC2FB14D63287008CC4C6 /* piano_54.aiff in Resources */,
				C82DC2FC14D63287008CC4C6 /* piano_55.aiff in Resources */,
				C82DC2FD14D63287008CC4C6 /* piano_56.aiff in Resources */,
				C82DC2FE14D63287008CC4C6 /* piano_57.aiff in Resources */,
				C82DC2FF14D63287008CC4C6 /* piano_58.aiff in Resources */,
				C82DC30014D63287008CC4C6 /* piano_59.aiff in Resources */,
				C82DC30114D63287008CC4C6 /* piano_60.aiff in Resources */,
				C82DC30214D63287008CC4C6 /* piano_61.aiff in Resources */,
				C82DC30314D63287008CC4C6 /* piano_62.aiff in Resources */,
				C82DC30414D63287008CC4C6 /* piano_63.aiff in Resources */,
				C82DC30514D63287008CC4C6 /* piano_64.aiff in Resources */,
				C82DC30614D63287008CC4C6 /* piano_65.aiff in Resources */,
				C82DC30714D63287008CC4C6 /* piano_66.aiff in Resources */,
				C82DC30814D63287008CC4C6 /* piano_67.aiff in Resources */,
				C82DC30914D63287008CC4C6 /* piano_68.aiff in Resources */,
				C82DC30A14D63287008CC4C6 /* piano_69.aiff in Resources */,
				C82DC30B14D63287008CC4C6 /* piano_70.aiff in Resources */,
				C82DC30C14D63287008CC4C6 /* piano_71.aiff in Resources */,
				C82DC30D14D63287008CC4C6 /* piano_72.aiff in Resources */,
				C82DC30E14D63287008CC4C6 /* piano_73.aiff in Resources */,
				C82DC30F14D63287008CC4C6 /* piano_74.aiff in Resources */,
				C82DC31014D63287008CC4C6 /* piano_75.aiff in Resources */,
				C82DC31114D63287008CC4C6 /* piano_76.aiff in Resources */,
				C82DC31214D63287008CC4C6 /* piano_77.aiff in Resources */,
				C82DC31314D63287008CC4C6 /* piano_78.aiff in Resources */,
				C82DC31414D63287008CC4C6 /* piano_79.aiff in Resources */,
				C82DC31514D63287008CC4C6 /* piano_80.aiff in Resources */,
				C82DC31614D63287008CC4C6 /* piano_81.aiff in Resources */,
				C82DC31714D63287008CC4C6 /* piano_82.aiff in Resources */,
				C82DC31814D63287008CC4C6 /* piano_83.aiff in Resources */,
				C82DC31914D63287008CC4C6 /* piano_84.aiff in Resources */,
				C82DC31A14D63287008CC4C6 /* piano_85.aiff in Resources */,
				C82DC31B14D63287008CC4C6 /* piano_86.aiff in Resources */,
				C82DC31C14D63287008CC4C6 /* piano_87.aiff in Resources */,
				C82DC31D14D63287008CC4C6 /* piano_88.aiff in Resources */,
				C82DC31E14D63287008CC4C6 /* piano_89.aiff in Resources */,
				C82DC31F14D63287008CC4C6 /* piano_90.aiff in Resources */,
				C82DC32014D63287008CC4C6 /* piano_91.aiff in Resources */,
				C82DC32114D63287008CC4C6 /* piano_92.aiff in Resources */,
				C82DC32214D63287008CC4C6 /* piano_93.aiff in Resources */,
				C82DC32314D63287008CC4C6 /* piano_94.aiff in Resources */,
				C82DC32414D63287008CC4C6 /* piano_95.aiff in Resources */,
				FF96790114FD4E99004E9402 /* ButtonMenu.png in Resources */,
				FF96790214FD4E99004E9402 /* ButtonMenu@2x.png in Resources */,
				FFD0C69F1502875C00BB6C9F /* ContainerViewController.xib in Resources */,
				FFD0C6A21502878500BB6C9F /* MainMenu.xib in Resources */,
				FFB55A491502F3F800614D6D /* AboutViewController.xib in Resources */,
			);
			runOnlyForDeploymentPostprocessing = 0;
		};
/* End PBXResourcesBuildPhase section */

/* Begin PBXSourcesBuildPhase section */
		FF8E8C3714D4942F00CC8818 /* Sources */ = {
			isa = PBXSourcesBuildPhase;
			buildActionMask = 2147483647;
			files = (
				FF8E8C4C14D4942F00CC8818 /* main.m in Sources */,
				FF8E8C5014D4943000CC8818 /* AppDelegate.m in Sources */,
				FF36DBBC14D49BEF0056D087 /* IntervalTrainerViewController.m in Sources */,
				FF659B3414D60B5A000E7EC2 /* SettingsViewController.m in Sources */,
				FF659B3C14D62932000E7EC2 /* SoundEngine.m in Sources */,
				FFBE9A1314DDADA600C755DB /* Note.m in Sources */,
				FF1B4A3014DDB3EF00DBAB5A /* Defaults.m in Sources */,
				FF002B8C14DE0C1A00BF9A22 /* Interval.m in Sources */,
				FF7D7CE614E77C9B006E6362 /* PlaymodeSettingsViewController.m in Sources */,
				FF6A4A8614E8410A00CE4145 /* RootOctaveSettingsViewController.m in Sources */,
				FF6A4A8A14E8438B00CE4145 /* HighOctaveSettingsViewController.m in Sources */,
				FF47C62B14F0493E0054139E /* TempoSettingsViewController.m in Sources */,
				FF0FE6B214F95B9F0033F768 /* UINavigationItem+JTRevealSidebarV2.m in Sources */,
				FF0FE6B314F95B9F0033F768 /* UIViewController+JTRevealSidebarV2.m in Sources */,
				FF0FE6BD14F96F470033F768 /* MainMenuViewController.m in Sources */,
				FF68C26E14F9B745008894CB /* ChordTrainerViewController.m in Sources */,
				FF68C27214F9BD35008894CB /* TrainerModelViewController.m in Sources */,
				FF5FFCA314FAC07800B2636D /* Chord.m in Sources */,
				FF5FFCA714FADA2E00B2636D /* NoteCollection.m in Sources */,
				FFD0C69E1502875C00BB6C9F /* ContainerViewController.m in Sources */,
				FFB55A481502F3F800614D6D /* AboutViewController.m in Sources */,
			);
			runOnlyForDeploymentPostprocessing = 0;
		};
/* End PBXSourcesBuildPhase section */

/* Begin PBXVariantGroup section */
		FF8E8C4814D4942F00CC8818 /* InfoPlist.strings */ = {
			isa = PBXVariantGroup;
			children = (
				FF8E8C4914D4942F00CC8818 /* en */,
			);
			name = InfoPlist.strings;
			sourceTree = "<group>";
		};
		FF8E8C5114D4943000CC8818 /* MainStoryboard.storyboard */ = {
			isa = PBXVariantGroup;
			children = (
				FF8E8C5214D4943000CC8818 /* en */,
			);
			name = MainStoryboard.storyboard;
			sourceTree = "<group>";
		};
/* End PBXVariantGroup section */

/* Begin XCBuildConfiguration section */
		FF8E8C5714D4943000CC8818 /* Debug */ = {
			isa = XCBuildConfiguration;
			buildSettings = {
				ALWAYS_SEARCH_USER_PATHS = NO;
				ARCHS = "$(ARCHS_STANDARD_32_BIT)";
				CLANG_ENABLE_OBJC_ARC = YES;
				"CODE_SIGN_IDENTITY[sdk=iphoneos*]" = "iPhone Developer";
				COPY_PHASE_STRIP = NO;
				GCC_C_LANGUAGE_STANDARD = gnu99;
				GCC_DYNAMIC_NO_PIC = NO;
				GCC_OPTIMIZATION_LEVEL = 0;
				GCC_PREPROCESSOR_DEFINITIONS = (
					"DEBUG=1",
					"$(inherited)",
				);
				GCC_SYMBOLS_PRIVATE_EXTERN = NO;
				GCC_THUMB_SUPPORT = NO;
				GCC_VERSION = com.apple.compilers.llvm.clang.1_0;
				GCC_WARN_ABOUT_MISSING_PROTOTYPES = YES;
				GCC_WARN_ABOUT_RETURN_TYPE = YES;
				GCC_WARN_UNUSED_VARIABLE = YES;
				IPHONEOS_DEPLOYMENT_TARGET = 5.0;
				SDKROOT = iphoneos;
			};
			name = Debug;
		};
		FF8E8C5814D4943000CC8818 /* Release */ = {
			isa = XCBuildConfiguration;
			buildSettings = {
				ALWAYS_SEARCH_USER_PATHS = NO;
				ARCHS = "$(ARCHS_STANDARD_32_BIT)";
				CLANG_ENABLE_OBJC_ARC = YES;
				"CODE_SIGN_IDENTITY[sdk=iphoneos*]" = "iPhone Developer";
				COPY_PHASE_STRIP = YES;
				GCC_C_LANGUAGE_STANDARD = gnu99;
				GCC_THUMB_SUPPORT = NO;
				GCC_VERSION = com.apple.compilers.llvm.clang.1_0;
				GCC_WARN_ABOUT_MISSING_PROTOTYPES = YES;
				GCC_WARN_ABOUT_RETURN_TYPE = YES;
				GCC_WARN_UNUSED_VARIABLE = YES;
				IPHONEOS_DEPLOYMENT_TARGET = 5.0;
				OTHER_CFLAGS = "-DNS_BLOCK_ASSERTIONS=1";
				SDKROOT = iphoneos;
				VALIDATE_PRODUCT = YES;
			};
			name = Release;
		};
		FF8E8C5A14D4943000CC8818 /* Debug */ = {
			isa = XCBuildConfiguration;
			buildSettings = {
				GCC_PRECOMPILE_PREFIX_HEADER = YES;
				GCC_PREFIX_HEADER = "EarTrainer/EarTrainer-Prefix.pch";
				GCC_THUMB_SUPPORT = NO;
				INFOPLIST_FILE = "EarTrainer/EarTrainer-Info.plist";
				PRODUCT_NAME = "$(TARGET_NAME)";
				WRAPPER_EXTENSION = app;
			};
			name = Debug;
		};
		FF8E8C5B14D4943000CC8818 /* Release */ = {
			isa = XCBuildConfiguration;
			buildSettings = {
				GCC_PRECOMPILE_PREFIX_HEADER = YES;
				GCC_PREFIX_HEADER = "EarTrainer/EarTrainer-Prefix.pch";
				GCC_THUMB_SUPPORT = NO;
				INFOPLIST_FILE = "EarTrainer/EarTrainer-Info.plist";
				PRODUCT_NAME = "$(TARGET_NAME)";
				WRAPPER_EXTENSION = app;
			};
			name = Release;
		};
/* End XCBuildConfiguration section */

/* Begin XCConfigurationList section */
		FF8E8C3514D4942F00CC8818 /* Build configuration list for PBXProject "EarTrainer" */ = {
			isa = XCConfigurationList;
			buildConfigurations = (
				FF8E8C5714D4943000CC8818 /* Debug */,
				FF8E8C5814D4943000CC8818 /* Release */,
			);
			defaultConfigurationIsVisible = 0;
			defaultConfigurationName = Release;
		};
		FF8E8C5914D4943000CC8818 /* Build configuration list for PBXNativeTarget "EarTrainer" */ = {
			isa = XCConfigurationList;
			buildConfigurations = (
				FF8E8C5A14D4943000CC8818 /* Debug */,
				FF8E8C5B14D4943000CC8818 /* Release */,
			);
			defaultConfigurationIsVisible = 0;
			defaultConfigurationName = Release;
		};
/* End XCConfigurationList section */
	};
	rootObject = FF8E8C3214D4942F00CC8818 /* Project object */;
}
